// !$*UTF8*$!
{
	archiveVersion = 1;
	classes = {
	};
	objectVersion = 55;
	objects = {

/* Begin PBXBuildFile section */
		5142A8D62879A85B00AAF3C0 /* PapagoDTO.swift in Sources */ = {isa = PBXBuildFile; fileRef = 5142A8D52879A85B00AAF3C0 /* PapagoDTO.swift */; };
		51E0BE2428798201004BAF0B /* AppDelegate.swift in Sources */ = {isa = PBXBuildFile; fileRef = 51E0BE2328798201004BAF0B /* AppDelegate.swift */; };
		51E0BE2628798201004BAF0B /* SceneDelegate.swift in Sources */ = {isa = PBXBuildFile; fileRef = 51E0BE2528798201004BAF0B /* SceneDelegate.swift */; };
		51E0BE2828798201004BAF0B /* ViewController.swift in Sources */ = {isa = PBXBuildFile; fileRef = 51E0BE2728798201004BAF0B /* ViewController.swift */; };
		51E0BE2B28798201004BAF0B /* Main.storyboard in Resources */ = {isa = PBXBuildFile; fileRef = 51E0BE2928798201004BAF0B /* Main.storyboard */; };
		51E0BE2D28798202004BAF0B /* Assets.xcassets in Resources */ = {isa = PBXBuildFile; fileRef = 51E0BE2C28798202004BAF0B /* Assets.xcassets */; };
		51E0BE3028798202004BAF0B /* LaunchScreen.storyboard in Resources */ = {isa = PBXBuildFile; fileRef = 51E0BE2E28798202004BAF0B /* LaunchScreen.storyboard */; };
		D15B97855FFC924F47358EFD /* Pods_AIPapago.framework in Frameworks */ = {isa = PBXBuildFile; fileRef = B29DFF55A1C371BE7850EBAE /* Pods_AIPapago.framework */; };
/* End PBXBuildFile section */

/* Begin PBXFileReference section */
		220F0E652AA11BA7F4EF2DA2 /* Pods-AIPapago.release.xcconfig */ = {isa = PBXFileReference; includeInIndex = 1; lastKnownFileType = text.xcconfig; name = "Pods-AIPapago.release.xcconfig"; path = "Target Support Files/Pods-AIPapago/Pods-AIPapago.release.xcconfig"; sourceTree = "<group>"; };
		5142A8D52879A85B00AAF3C0 /* PapagoDTO.swift */ = {isa = PBXFileReference; lastKnownFileType = sourcecode.swift; path = PapagoDTO.swift; sourceTree = "<group>"; };
		51E0BE2028798201004BAF0B /* AIPapago.app */ = {isa = PBXFileReference; explicitFileType = wrapper.application; includeInIndex = 0; path = AIPapago.app; sourceTree = BUILT_PRODUCTS_DIR; };
		51E0BE2328798201004BAF0B /* AppDelegate.swift */ = {isa = PBXFileReference; lastKnownFileType = sourcecode.swift; path = AppDelegate.swift; sourceTree = "<group>"; };
		51E0BE2528798201004BAF0B /* SceneDelegate.swift */ = {isa = PBXFileReference; lastKnownFileType = sourcecode.swift; path = SceneDelegate.swift; sourceTree = "<group>"; };
		51E0BE2728798201004BAF0B /* ViewController.swift */ = {isa = PBXFileReference; lastKnownFileType = sourcecode.swift; path = ViewController.swift; sourceTree = "<group>"; };
		51E0BE2A28798201004BAF0B /* Base */ = {isa = PBXFileReference; lastKnownFileType = file.storyboard; name = Base; path = Base.lproj/Main.storyboard; sourceTree = "<group>"; };
		51E0BE2C28798202004BAF0B /* Assets.xcassets */ = {isa = PBXFileReference; lastKnownFileType = folder.assetcatalog; path = Assets.xcassets; sourceTree = "<group>"; };
		51E0BE2F28798202004BAF0B /* Base */ = {isa = PBXFileReference; lastKnownFileType = file.storyboard; name = Base; path = Base.lproj/LaunchScreen.storyboard; sourceTree = "<group>"; };
		51E0BE3128798202004BAF0B /* Info.plist */ = {isa = PBXFileReference; lastKnownFileType = text.plist.xml; path = Info.plist; sourceTree = "<group>"; };
		908A8880A8E43015897EA08B /* Pods-AIPapago.debug.xcconfig */ = {isa = PBXFileReference; includeInIndex = 1; lastKnownFileType = text.xcconfig; name = "Pods-AIPapago.debug.xcconfig"; path = "Target Support Files/Pods-AIPapago/Pods-AIPapago.debug.xcconfig"; sourceTree = "<group>"; };
		B29DFF55A1C371BE7850EBAE /* Pods_AIPapago.framework */ = {isa = PBXFileReference; explicitFileType = wrapper.framework; includeInIndex = 0; path = Pods_AIPapago.framework; sourceTree = BUILT_PRODUCTS_DIR; };
/* End PBXFileReference section */

/* Begin PBXFrameworksBuildPhase section */
		51E0BE1D28798201004BAF0B /* Frameworks */ = {
			isa = PBXFrameworksBuildPhase;
			buildActionMask = 2147483647;
			files = (
				D15B97855FFC924F47358EFD /* Pods_AIPapago.framework in Frameworks */,
			);
			runOnlyForDeploymentPostprocessing = 0;
		};
/* End PBXFrameworksBuildPhase section */

/* Begin PBXGroup section */
		508C8CCDA628AF03266F78C2 /* Pods */ = {
			isa = PBXGroup;
			children = (
				908A8880A8E43015897EA08B /* Pods-AIPapago.debug.xcconfig */,
				220F0E652AA11BA7F4EF2DA2 /* Pods-AIPapago.release.xcconfig */,
			);
			path = Pods;
			sourceTree = "<group>";
		};
		51E0BE1728798201004BAF0B = {
			isa = PBXGroup;
			children = (
				51E0BE2228798201004BAF0B /* AIPapago */,
				51E0BE2128798201004BAF0B /* Products */,
				508C8CCDA628AF03266F78C2 /* Pods */,
				89DB60070E0B1D3D46AE7A4C /* Frameworks */,
			);
			sourceTree = "<group>";
		};
		51E0BE2128798201004BAF0B /* Products */ = {
			isa = PBXGroup;
			children = (
				51E0BE2028798201004BAF0B /* AIPapago.app */,
			);
			name = Products;
			sourceTree = "<group>";
		};
		51E0BE2228798201004BAF0B /* AIPapago */ = {
			isa = PBXGroup;
			children = (
				51E0BE2328798201004BAF0B /* AppDelegate.swift */,
				51E0BE2528798201004BAF0B /* SceneDelegate.swift */,
				51E0BE2728798201004BAF0B /* ViewController.swift */,
				51E0BE2928798201004BAF0B /* Main.storyboard */,
				51E0BE2C28798202004BAF0B /* Assets.xcassets */,
				51E0BE2E28798202004BAF0B /* LaunchScreen.storyboard */,
				51E0BE3128798202004BAF0B /* Info.plist */,
				5142A8D52879A85B00AAF3C0 /* PapagoDTO.swift */,
			);
			path = AIPapago;
			sourceTree = "<group>";
		};
		89DB60070E0B1D3D46AE7A4C /* Frameworks */ = {
			isa = PBXGroup;
			children = (
				B29DFF55A1C371BE7850EBAE /* Pods_AIPapago.framework */,
			);
			name = Frameworks;
			sourceTree = "<group>";
		};
/* End PBXGroup section */

/* Begin PBXNativeTarget section */
		51E0BE1F28798201004BAF0B /* AIPapago */ = {
			isa = PBXNativeTarget;
			buildConfigurationList = 51E0BE3428798202004BAF0B /* Build configuration list for PBXNativeTarget "AIPapago" */;
			buildPhases = (
				E7605C1050BD64D6317F3113 /* [CP] Check Pods Manifest.lock */,
				51E0BE1C28798201004BAF0B /* Sources */,
				51E0BE1D28798201004BAF0B /* Frameworks */,
				51E0BE1E28798201004BAF0B /* Resources */,
				B7CFA0E90743636CF0C9E414 /* [CP] Embed Pods Frameworks */,
			);
			buildRules = (
			);
			dependencies = (
			);
			name = AIPapago;
			productName = AIPapago;
			productReference = 51E0BE2028798201004BAF0B /* AIPapago.app */;
			productType = "com.apple.product-type.application";
		};
/* End PBXNativeTarget section */

/* Begin PBXProject section */
		51E0BE1828798201004BAF0B /* Project object */ = {
			isa = PBXProject;
			attributes = {
				BuildIndependentTargetsInParallel = 1;
				LastSwiftUpdateCheck = 1340;
				LastUpgradeCheck = 1340;
				TargetAttributes = {
					51E0BE1F28798201004BAF0B = {
						CreatedOnToolsVersion = 13.4.1;
					};
				};
			};
			buildConfigurationList = 51E0BE1B28798201004BAF0B /* Build configuration list for PBXProject "AIPapago" */;
			compatibilityVersion = "Xcode 13.0";
			developmentRegion = en;
			hasScannedForEncodings = 0;
			knownRegions = (
				en,
				Base,
			);
			mainGroup = 51E0BE1728798201004BAF0B;
			productRefGroup = 51E0BE2128798201004BAF0B /* Products */;
			projectDirPath = "";
			projectRoot = "";
			targets = (
				51E0BE1F28798201004BAF0B /* AIPapago */,
			);
		};
/* End PBXProject section */

/* Begin PBXResourcesBuildPhase section */
		51E0BE1E28798201004BAF0B /* Resources */ = {
			isa = PBXResourcesBuildPhase;
			buildActionMask = 2147483647;
			files = (
				51E0BE3028798202004BAF0B /* LaunchScreen.storyboard in Resources */,
				51E0BE2D28798202004BAF0B /* Assets.xcassets in Resources */,
				51E0BE2B28798201004BAF0B /* Main.storyboard in Resources */,
			);
			runOnlyForDeploymentPostprocessing = 0;
		};
/* End PBXResourcesBuildPhase section */

/* Begin PBXShellScriptBuildPhase section */
		B7CFA0E90743636CF0C9E414 /* [CP] Embed Pods Frameworks */ = {
			isa = PBXShellScriptBuildPhase;
			buildActionMask = 2147483647;
			files = (
			);
			inputFileListPaths = (
				"${PODS_ROOT}/Target Support Files/Pods-AIPapago/Pods-AIPapago-frameworks-${CONFIGURATION}-input-files.xcfilelist",
			);
			name = "[CP] Embed Pods Frameworks";
			outputFileListPaths = (
				"${PODS_ROOT}/Target Support Files/Pods-AIPapago/Pods-AIPapago-frameworks-${CONFIGURATION}-output-files.xcfilelist",
			);
			runOnlyForDeploymentPostprocessing = 0;
			shellPath = /bin/sh;
			shellScript = "\"${PODS_ROOT}/Target Support Files/Pods-AIPapago/Pods-AIPapago-frameworks.sh\"\n";
			showEnvVarsInLog = 0;
		};
		E7605C1050BD64D6317F3113 /* [CP] Check Pods Manifest.lock */ = {
			isa = PBXShellScriptBuildPhase;
			buildActionMask = 2147483647;
			files = (
			);
			inputFileListPaths = (
			);
			inputPaths = (
				"${PODS_PODFILE_DIR_PATH}/Podfile.lock",
				"${PODS_ROOT}/Manifest.lock",
			);
			name = "[CP] Check Pods Manifest.lock";
			outputFileListPaths = (
			);
			outputPaths = (
				"$(DERIVED_FILE_DIR)/Pods-AIPapago-checkManifestLockResult.txt",
			);
			runOnlyForDeploymentPostprocessing = 0;
			shellPath = /bin/sh;
			shellScript = "diff \"${PODS_PODFILE_DIR_PATH}/Podfile.lock\" \"${PODS_ROOT}/Manifest.lock\" > /dev/null\nif [ $? != 0 ] ; then\n    # print error to STDERR\n    echo \"error: The sandbox is not in sync with the Podfile.lock. Run 'pod install' or update your CocoaPods installation.\" >&2\n    exit 1\nfi\n# This output is used by Xcode 'outputs' to avoid re-running this script phase.\necho \"SUCCESS\" > \"${SCRIPT_OUTPUT_FILE_0}\"\n";
			showEnvVarsInLog = 0;
		};
/* End PBXShellScriptBuildPhase section */

/* Begin PBXSourcesBuildPhase section */
		51E0BE1C28798201004BAF0B /* Sources */ = {
			isa = PBXSourcesBuildPhase;
			buildActionMask = 2147483647;
			files = (
				51E0BE2828798201004BAF0B /* ViewController.swift in Sources */,
				5142A8D62879A85B00AAF3C0 /* PapagoDTO.swift in Sources */,
				51E0BE2428798201004BAF0B /* AppDelegate.swift in Sources */,
				51E0BE2628798201004BAF0B /* SceneDelegate.swift in Sources */,
			);
			runOnlyForDeploymentPostprocessing = 0;
		};
/* End PBXSourcesBuildPhase section */

/* Begin PBXVariantGroup section */
		51E0BE2928798201004BAF0B /* Main.storyboard */ = {
			isa = PBXVariantGroup;
			children = (
				51E0BE2A28798201004BAF0B /* Base */,
			);
			name = Main.storyboard;
			sourceTree = "<group>";
		};
		51E0BE2E28798202004BAF0B /* LaunchScreen.storyboard */ = {
			isa = PBXVariantGroup;
			children = (
				51E0BE2F28798202004BAF0B /* Base */,
			);
			name = LaunchScreen.storyboard;
			sourceTree = "<group>";
		};
/* End PBXVariantGroup section */

/* Begin XCBuildConfiguration section */
		51E0BE3228798202004BAF0B /* Debug */ = {
			isa = XCBuildConfiguration;
			buildSettings = {
				ALWAYS_SEARCH_USER_PATHS = NO;
				CLANG_ANALYZER_NONNULL = YES;
				CLANG_ANALYZER_NUMBER_OBJECT_CONVERSION = YES_AGGRESSIVE;
				CLANG_CXX_LANGUAGE_STANDARD = "gnu++17";
				CLANG_ENABLE_MODULES = YES;
				CLANG_ENABLE_OBJC_ARC = YES;
				CLANG_ENABLE_OBJC_WEAK = YES;
				CLANG_WARN_BLOCK_CAPTURE_AUTORELEASING = YES;
				CLANG_WARN_BOOL_CONVERSION = YES;
				CLANG_WARN_COMMA = YES;
				CLANG_WARN_CONSTANT_CONVERSION = YES;
				CLANG_WARN_DEPRECATED_OBJC_IMPLEMENTATIONS = YES;
				CLANG_WARN_DIRECT_OBJC_ISA_USAGE = YES_ERROR;
				CLANG_WARN_DOCUMENTATION_COMMENTS = YES;
				CLANG_WARN_EMPTY_BODY = YES;
				CLANG_WARN_ENUM_CONVERSION = YES;
				CLANG_WARN_INFINITE_RECURSION = YES;
				CLANG_WARN_INT_CONVERSION = YES;
				CLANG_WARN_NON_LITERAL_NULL_CONVERSION = YES;
				CLANG_WARN_OBJC_IMPLICIT_RETAIN_SELF = YES;
				CLANG_WARN_OBJC_LITERAL_CONVERSION = YES;
				CLANG_WARN_OBJC_ROOT_CLASS = YES_ERROR;
				CLANG_WARN_QUOTED_INCLUDE_IN_FRAMEWORK_HEADER = YES;
				CLANG_WARN_RANGE_LOOP_ANALYSIS = YES;
				CLANG_WARN_STRICT_PROTOTYPES = YES;
				CLANG_WARN_SUSPICIOUS_MOVE = YES;
				CLANG_WARN_UNGUARDED_AVAILABILITY = YES_AGGRESSIVE;
				CLANG_WARN_UNREACHABLE_CODE = YES;
				CLANG_WARN__DUPLICATE_METHOD_MATCH = YES;
				COPY_PHASE_STRIP = NO;
				DEBUG_INFORMATION_FORMAT = dwarf;
				ENABLE_STRICT_OBJC_MSGSEND = YES;
				ENABLE_TESTABILITY = YES;
				GCC_C_LANGUAGE_STANDARD = gnu11;
				GCC_DYNAMIC_NO_PIC = NO;
				GCC_NO_COMMON_BLOCKS = YES;
				GCC_OPTIMIZATION_LEVEL = 0;
				GCC_PREPROCESSOR_DEFINITIONS = (
					"DEBUG=1",
					"$(inherited)",
				);
				GCC_WARN_64_TO_32_BIT_CONVERSION = YES;
				GCC_WARN_ABOUT_RETURN_TYPE = YES_ERROR;
				GCC_WARN_UNDECLARED_SELECTOR = YES;
				GCC_WARN_UNINITIALIZED_AUTOS = YES_AGGRESSIVE;
				GCC_WARN_UNUSED_FUNCTION = YES;
				GCC_WARN_UNUSED_VARIABLE = YES;
				IPHONEOS_DEPLOYMENT_TARGET = 15.5;
				MTL_ENABLE_DEBUG_INFO = INCLUDE_SOURCE;
				MTL_FAST_MATH = YES;
				ONLY_ACTIVE_ARCH = YES;
				SDKROOT = iphoneos;
				SWIFT_ACTIVE_COMPILATION_CONDITIONS = DEBUG;
				SWIFT_OPTIMIZATION_LEVEL = "-Onone";
			};
			name = Debug;
		};
		51E0BE3328798202004BAF0B /* Release */ = {
			isa = XCBuildConfiguration;
			buildSettings = {
				ALWAYS_SEARCH_USER_PATHS = NO;
				CLANG_ANALYZER_NONNULL = YES;
				CLANG_ANALYZER_NUMBER_OBJECT_CONVERSION = YES_AGGRESSIVE;
				CLANG_CXX_LANGUAGE_STANDARD = "gnu++17";
				CLANG_ENABLE_MODULES = YES;
				CLANG_ENABLE_OBJC_ARC = YES;
				CLANG_ENABLE_OBJC_WEAK = YES;
				CLANG_WARN_BLOCK_CAPTURE_AUTORELEASING = YES;
				CLANG_WARN_BOOL_CONVERSION = YES;
				CLANG_WARN_COMMA = YES;
				CLANG_WARN_CONSTANT_CONVERSION = YES;
				CLANG_WARN_DEPRECATED_OBJC_IMPLEMENTATIONS = YES;
				CLANG_WARN_DIRECT_OBJC_ISA_USAGE = YES_ERROR;
				CLANG_WARN_DOCUMENTATION_COMMENTS = YES;
				CLANG_WARN_EMPTY_BODY = YES;
				CLANG_WARN_ENUM_CONVERSION = YES;
				CLANG_WARN_INFINITE_RECURSION = YES;
				CLANG_WARN_INT_CONVERSION = YES;
				CLANG_WARN_NON_LITERAL_NULL_CONVERSION = YES;
				CLANG_WARN_OBJC_IMPLICIT_RETAIN_SELF = YES;
				CLANG_WARN_OBJC_LITERAL_CONVERSION = YES;
				CLANG_WARN_OBJC_ROOT_CLASS = YES_ERROR;
				CLANG_WARN_QUOTED_INCLUDE_IN_FRAMEWORK_HEADER = YES;
				CLANG_WARN_RANGE_LOOP_ANALYSIS = YES;
				CLANG_WARN_STRICT_PROTOTYPES = YES;
				CLANG_WARN_SUSPICIOUS_MOVE = YES;
				CLANG_WARN_UNGUARDED_AVAILABILITY = YES_AGGRESSIVE;
				CLANG_WARN_UNREACHABLE_CODE = YES;
				CLANG_WARN__DUPLICATE_METHOD_MATCH = YES;
				COPY_PHASE_STRIP = NO;
				DEBUG_INFORMATION_FORMAT = "dwarf-with-dsym";
				ENABLE_NS_ASSERTIONS = NO;
				ENABLE_STRICT_OBJC_MSGSEND = YES;
				GCC_C_LANGUAGE_STANDARD = gnu11;
				GCC_NO_COMMON_BLOCKS = YES;
				GCC_WARN_64_TO_32_BIT_CONVERSION = YES;
				GCC_WARN_ABOUT_RETURN_TYPE = YES_ERROR;
				GCC_WARN_UNDECLARED_SELECTOR = YES;
				GCC_WARN_UNINITIALIZED_AUTOS = YES_AGGRESSIVE;
				GCC_WARN_UNUSED_FUNCTION = YES;
				GCC_WARN_UNUSED_VARIABLE = YES;
				IPHONEOS_DEPLOYMENT_TARGET = 15.5;
				MTL_ENABLE_DEBUG_INFO = NO;
				MTL_FAST_MATH = YES;
				SDKROOT = iphoneos;
				SWIFT_COMPILATION_MODE = wholemodule;
				SWIFT_OPTIMIZATION_LEVEL = "-O";
				VALIDATE_PRODUCT = YES;
			};
			name = Release;
		};
		51E0BE3528798202004BAF0B /* Debug */ = {
			isa = XCBuildConfiguration;
			baseConfigurationReference = 908A8880A8E43015897EA08B /* Pods-AIPapago.debug.xcconfig */;
			buildSettings = {
				ASSETCATALOG_COMPILER_APPICON_NAME = AppIcon;
				ASSETCATALOG_COMPILER_GLOBAL_ACCENT_COLOR_NAME = AccentColor;
				CODE_SIGN_STYLE = Automatic;
				CURRENT_PROJECT_VERSION = 1;
				GENERATE_INFOPLIST_FILE = YES;
				INFOPLIST_FILE = AIPapago/Info.plist;
				INFOPLIST_KEY_UIApplicationSupportsIndirectInputEvents = YES;
				INFOPLIST_KEY_UILaunchStoryboardName = LaunchScreen;
				INFOPLIST_KEY_UIMainStoryboardFile = Main;
				INFOPLIST_KEY_UISupportedInterfaceOrientations_iPad = "UIInterfaceOrientationPortrait UIInterfaceOrientationPortraitUpsideDown UIInterfaceOrientationLandscapeLeft UIInterfaceOrientationLandscapeRight";
				INFOPLIST_KEY_UISupportedInterfaceOrientations_iPhone = "UIInterfaceOrientationPortrait UIInterfaceOrientationLandscapeLeft UIInterfaceOrientationLandscapeRight";
				LD_RUNPATH_SEARCH_PATHS = (
					"$(inherited)",
					"@executable_path/Frameworks",
				);
				MARKETING_VERSION = 1.0;
				PRODUCT_BUNDLE_IDENTIFIER = com.MJA.AIPapago;
				PRODUCT_NAME = "$(TARGET_NAME)";
				SWIFT_EMIT_LOC_STRINGS = YES;
				SWIFT_VERSION = 5.0;
				TARGETED_DEVICE_FAMILY = "1,2";
			};
			name = Debug;
		};
		51E0BE3628798202004BAF0B /* Release */ = {
			isa = XCBuildConfiguration;
			baseConfigurationReference = 220F0E652AA11BA7F4EF2DA2 /* Pods-AIPapago.release.xcconfig */;
			buildSettings = {
				ASSETCATALOG_COMPILER_APPICON_NAME = AppIcon;
				ASSETCATALOG_COMPILER_GLOBAL_ACCENT_COLOR_NAME = AccentColor;
				CODE_SIGN_STYLE = Automatic;
				CURRENT_PROJECT_VERSION = 1;
				GENERATE_INFOPLIST_FILE = YES;
				INFOPLIST_FILE = AIPapago/Info.plist;
				INFOPLIST_KEY_UIApplicationSupportsIndirectInputEvents = YES;
				INFOPLIST_KEY_UILaunchStoryboardName = LaunchScreen;
				INFOPLIST_KEY_UIMainStoryboardFile = Main;
				INFOPLIST_KEY_UISupportedInterfaceOrientations_iPad = "UIInterfaceOrientationPortrait UIInterfaceOrientationPortraitUpsideDown UIInterfaceOrientationLandscapeLeft UIInterfaceOrientationLandscapeRight";
				INFOPLIST_KEY_UISupportedInterfaceOrientations_iPhone = "UIInterfaceOrientationPortrait UIInterfaceOrientationLandscapeLeft UIInterfaceOrientationLandscapeRight";
				LD_RUNPATH_SEARCH_PATHS = (
					"$(inherited)",
					"@executable_path/Frameworks",
				);
				MARKETING_VERSION = 1.0;
				PRODUCT_BUNDLE_IDENTIFIER = com.MJA.AIPapago;
				PRODUCT_NAME = "$(TARGET_NAME)";
				SWIFT_EMIT_LOC_STRINGS = YES;
				SWIFT_VERSION = 5.0;
				TARGETED_DEVICE_FAMILY = "1,2";
			};
			name = Release;
		};
/* End XCBuildConfiguration section */

/* Begin XCConfigurationList section */
		51E0BE1B28798201004BAF0B /* Build configuration list for PBXProject "AIPapago" */ = {
			isa = XCConfigurationList;
			buildConfigurations = (
				51E0BE3228798202004BAF0B /* Debug */,
				51E0BE3328798202004BAF0B /* Release */,
			);
			defaultConfigurationIsVisible = 0;
			defaultConfigurationName = Release;
		};
		51E0BE3428798202004BAF0B /* Build configuration list for PBXNativeTarget "AIPapago" */ = {
			isa = XCConfigurationList;
			buildConfigurations = (
				51E0BE3528798202004BAF0B /* Debug */,
				51E0BE3628798202004BAF0B /* Release */,
			);
			defaultConfigurationIsVisible = 0;
			defaultConfigurationName = Release;
		};
/* End XCConfigurationList section */
	};
	rootObject = 51E0BE1828798201004BAF0B /* Project object */;
}
