// !$*UTF8*$!
{
	archiveVersion = 1;
	classes = {
	};
	objectVersion = 55;
	objects = {

/* Begin PBXBuildFile section */
		6125DAA52875C16A00B6CC79 /* AppDelegate.swift in Sources */ = {isa = PBXBuildFile; fileRef = 6125DAA42875C16A00B6CC79 /* AppDelegate.swift */; };
		6125DAA72875C16A00B6CC79 /* SceneDelegate.swift in Sources */ = {isa = PBXBuildFile; fileRef = 6125DAA62875C16A00B6CC79 /* SceneDelegate.swift */; };
		6125DAA92875C16A00B6CC79 /* ViewController.swift in Sources */ = {isa = PBXBuildFile; fileRef = 6125DAA82875C16A00B6CC79 /* ViewController.swift */; };
		6125DAAC2875C16A00B6CC79 /* Main.storyboard in Resources */ = {isa = PBXBuildFile; fileRef = 6125DAAA2875C16A00B6CC79 /* Main.storyboard */; };
		6125DAAE2875C16B00B6CC79 /* Assets.xcassets in Resources */ = {isa = PBXBuildFile; fileRef = 6125DAAD2875C16B00B6CC79 /* Assets.xcassets */; };
		6125DAB12875C16B00B6CC79 /* LaunchScreen.storyboard in Resources */ = {isa = PBXBuildFile; fileRef = 6125DAAF2875C16B00B6CC79 /* LaunchScreen.storyboard */; };
		6125DAB92875C5DD00B6CC79 /* structs.swift in Sources */ = {isa = PBXBuildFile; fileRef = 6125DAB82875C5DD00B6CC79 /* structs.swift */; };
		61FC20B32876A44400C19BA8 /* PersonCell.swift in Sources */ = {isa = PBXBuildFile; fileRef = 61FC20B22876A44400C19BA8 /* PersonCell.swift */; };
		61FC20B52876AFC100C19BA8 /* DetailController.swift in Sources */ = {isa = PBXBuildFile; fileRef = 61FC20B42876AFC100C19BA8 /* DetailController.swift */; };
		C3B0F5EAB7CA7FE5A82A8453 /* Pods_AlamofireExample.framework in Frameworks */ = {isa = PBXBuildFile; fileRef = 43B36E5BAC8BC9A25B0BD979 /* Pods_AlamofireExample.framework */; };
/* End PBXBuildFile section */

/* Begin PBXFileReference section */
		20C185121C29192FF68CD47E /* Pods-AlamofireExample.release.xcconfig */ = {isa = PBXFileReference; includeInIndex = 1; lastKnownFileType = text.xcconfig; name = "Pods-AlamofireExample.release.xcconfig"; path = "Target Support Files/Pods-AlamofireExample/Pods-AlamofireExample.release.xcconfig"; sourceTree = "<group>"; };
		43B36E5BAC8BC9A25B0BD979 /* Pods_AlamofireExample.framework */ = {isa = PBXFileReference; explicitFileType = wrapper.framework; includeInIndex = 0; path = Pods_AlamofireExample.framework; sourceTree = BUILT_PRODUCTS_DIR; };
		6125DAA12875C16A00B6CC79 /* AlamofireExample.app */ = {isa = PBXFileReference; explicitFileType = wrapper.application; includeInIndex = 0; path = AlamofireExample.app; sourceTree = BUILT_PRODUCTS_DIR; };
		6125DAA42875C16A00B6CC79 /* AppDelegate.swift */ = {isa = PBXFileReference; lastKnownFileType = sourcecode.swift; path = AppDelegate.swift; sourceTree = "<group>"; };
		6125DAA62875C16A00B6CC79 /* SceneDelegate.swift */ = {isa = PBXFileReference; lastKnownFileType = sourcecode.swift; path = SceneDelegate.swift; sourceTree = "<group>"; };
		6125DAA82875C16A00B6CC79 /* ViewController.swift */ = {isa = PBXFileReference; lastKnownFileType = sourcecode.swift; path = ViewController.swift; sourceTree = "<group>"; };
		6125DAAB2875C16A00B6CC79 /* Base */ = {isa = PBXFileReference; lastKnownFileType = file.storyboard; name = Base; path = Base.lproj/Main.storyboard; sourceTree = "<group>"; };
		6125DAAD2875C16B00B6CC79 /* Assets.xcassets */ = {isa = PBXFileReference; lastKnownFileType = folder.assetcatalog; path = Assets.xcassets; sourceTree = "<group>"; };
		6125DAB02875C16B00B6CC79 /* Base */ = {isa = PBXFileReference; lastKnownFileType = file.storyboard; name = Base; path = Base.lproj/LaunchScreen.storyboard; sourceTree = "<group>"; };
		6125DAB22875C16B00B6CC79 /* Info.plist */ = {isa = PBXFileReference; lastKnownFileType = text.plist.xml; path = Info.plist; sourceTree = "<group>"; };
		6125DAB82875C5DD00B6CC79 /* structs.swift */ = {isa = PBXFileReference; lastKnownFileType = sourcecode.swift; path = structs.swift; sourceTree = "<group>"; };
		61FC20B22876A44400C19BA8 /* PersonCell.swift */ = {isa = PBXFileReference; lastKnownFileType = sourcecode.swift; path = PersonCell.swift; sourceTree = "<group>"; };
		61FC20B42876AFC100C19BA8 /* DetailController.swift */ = {isa = PBXFileReference; lastKnownFileType = sourcecode.swift; path = DetailController.swift; sourceTree = "<group>"; };
		D23D5ED8B49169801BFF148D /* Pods-AlamofireExample.debug.xcconfig */ = {isa = PBXFileReference; includeInIndex = 1; lastKnownFileType = text.xcconfig; name = "Pods-AlamofireExample.debug.xcconfig"; path = "Target Support Files/Pods-AlamofireExample/Pods-AlamofireExample.debug.xcconfig"; sourceTree = "<group>"; };
/* End PBXFileReference section */

/* Begin PBXFrameworksBuildPhase section */
		6125DA9E2875C16A00B6CC79 /* Frameworks */ = {
			isa = PBXFrameworksBuildPhase;
			buildActionMask = 2147483647;
			files = (
				C3B0F5EAB7CA7FE5A82A8453 /* Pods_AlamofireExample.framework in Frameworks */,
			);
			runOnlyForDeploymentPostprocessing = 0;
		};
/* End PBXFrameworksBuildPhase section */

/* Begin PBXGroup section */
		6125DA982875C16A00B6CC79 = {
			isa = PBXGroup;
			children = (
				6125DAA32875C16A00B6CC79 /* AlamofireExample */,
				6125DAA22875C16A00B6CC79 /* Products */,
				AA38155CF5532F1664171221 /* Pods */,
				A2846C0663EB03436E0286E8 /* Frameworks */,
			);
			sourceTree = "<group>";
		};
		6125DAA22875C16A00B6CC79 /* Products */ = {
			isa = PBXGroup;
			children = (
				6125DAA12875C16A00B6CC79 /* AlamofireExample.app */,
			);
			name = Products;
			sourceTree = "<group>";
		};
		6125DAA32875C16A00B6CC79 /* AlamofireExample */ = {
			isa = PBXGroup;
			children = (
				6125DAA42875C16A00B6CC79 /* AppDelegate.swift */,
				6125DAA62875C16A00B6CC79 /* SceneDelegate.swift */,
				6125DAA82875C16A00B6CC79 /* ViewController.swift */,
				6125DAAA2875C16A00B6CC79 /* Main.storyboard */,
				6125DAAD2875C16B00B6CC79 /* Assets.xcassets */,
				6125DAAF2875C16B00B6CC79 /* LaunchScreen.storyboard */,
				6125DAB22875C16B00B6CC79 /* Info.plist */,
				6125DAB82875C5DD00B6CC79 /* structs.swift */,
				61FC20B22876A44400C19BA8 /* PersonCell.swift */,
				61FC20B42876AFC100C19BA8 /* DetailController.swift */,
			);
			path = AlamofireExample;
			sourceTree = "<group>";
		};
		A2846C0663EB03436E0286E8 /* Frameworks */ = {
			isa = PBXGroup;
			children = (
				43B36E5BAC8BC9A25B0BD979 /* Pods_AlamofireExample.framework */,
			);
			name = Frameworks;
			sourceTree = "<group>";
		};
		AA38155CF5532F1664171221 /* Pods */ = {
			isa = PBXGroup;
			children = (
				D23D5ED8B49169801BFF148D /* Pods-AlamofireExample.debug.xcconfig */,
				20C185121C29192FF68CD47E /* Pods-AlamofireExample.release.xcconfig */,
			);
			path = Pods;
			sourceTree = "<group>";
		};
/* End PBXGroup section */

/* Begin PBXNativeTarget section */
		6125DAA02875C16A00B6CC79 /* AlamofireExample */ = {
			isa = PBXNativeTarget;
			buildConfigurationList = 6125DAB52875C16B00B6CC79 /* Build configuration list for PBXNativeTarget "AlamofireExample" */;
			buildPhases = (
				4A95095AFA52D1086EC969D6 /* [CP] Check Pods Manifest.lock */,
				6125DA9D2875C16A00B6CC79 /* Sources */,
				6125DA9E2875C16A00B6CC79 /* Frameworks */,
				6125DA9F2875C16A00B6CC79 /* Resources */,
				536B6E4B11FED0B964A91787 /* [CP] Embed Pods Frameworks */,
			);
			buildRules = (
			);
			dependencies = (
			);
			name = AlamofireExample;
			productName = AlamofireExample;
			productReference = 6125DAA12875C16A00B6CC79 /* AlamofireExample.app */;
			productType = "com.apple.product-type.application";
		};
/* End PBXNativeTarget section */

/* Begin PBXProject section */
		6125DA992875C16A00B6CC79 /* Project object */ = {
			isa = PBXProject;
			attributes = {
				BuildIndependentTargetsInParallel = 1;
				LastSwiftUpdateCheck = 1340;
				LastUpgradeCheck = 1340;
				TargetAttributes = {
					6125DAA02875C16A00B6CC79 = {
						CreatedOnToolsVersion = 13.4.1;
					};
				};
			};
			buildConfigurationList = 6125DA9C2875C16A00B6CC79 /* Build configuration list for PBXProject "AlamofireExample" */;
			compatibilityVersion = "Xcode 13.0";
			developmentRegion = en;
			hasScannedForEncodings = 0;
			knownRegions = (
				en,
				Base,
			);
			mainGroup = 6125DA982875C16A00B6CC79;
			productRefGroup = 6125DAA22875C16A00B6CC79 /* Products */;
			projectDirPath = "";
			projectRoot = "";
			targets = (
				6125DAA02875C16A00B6CC79 /* AlamofireExample */,
			);
		};
/* End PBXProject section */

/* Begin PBXResourcesBuildPhase section */
		6125DA9F2875C16A00B6CC79 /* Resources */ = {
			isa = PBXResourcesBuildPhase;
			buildActionMask = 2147483647;
			files = (
				6125DAB12875C16B00B6CC79 /* LaunchScreen.storyboard in Resources */,
				6125DAAE2875C16B00B6CC79 /* Assets.xcassets in Resources */,
				6125DAAC2875C16A00B6CC79 /* Main.storyboard in Resources */,
			);
			runOnlyForDeploymentPostprocessing = 0;
		};
/* End PBXResourcesBuildPhase section */

/* Begin PBXShellScriptBuildPhase section */
		4A95095AFA52D1086EC969D6 /* [CP] Check Pods Manifest.lock */ = {
			isa = PBXShellScriptBuildPhase;
			buildActionMask = 2147483647;
			files = (
			);
			inputFileListPaths = (
			);
			inputPaths = (
				"${PODS_PODFILE_DIR_PATH}/Podfile.lock",
				"${PODS_ROOT}/Manifest.lock",
			);
			name = "[CP] Check Pods Manifest.lock";
			outputFileListPaths = (
			);
			outputPaths = (
				"$(DERIVED_FILE_DIR)/Pods-AlamofireExample-checkManifestLockResult.txt",
			);
			runOnlyForDeploymentPostprocessing = 0;
			shellPath = /bin/sh;
			shellScript = "diff \"${PODS_PODFILE_DIR_PATH}/Podfile.lock\" \"${PODS_ROOT}/Manifest.lock\" > /dev/null\nif [ $? != 0 ] ; then\n    # print error to STDERR\n    echo \"error: The sandbox is not in sync with the Podfile.lock. Run 'pod install' or update your CocoaPods installation.\" >&2\n    exit 1\nfi\n# This output is used by Xcode 'outputs' to avoid re-running this script phase.\necho \"SUCCESS\" > \"${SCRIPT_OUTPUT_FILE_0}\"\n";
			showEnvVarsInLog = 0;
		};
		536B6E4B11FED0B964A91787 /* [CP] Embed Pods Frameworks */ = {
			isa = PBXShellScriptBuildPhase;
			buildActionMask = 2147483647;
			files = (
			);
			inputFileListPaths = (
				"${PODS_ROOT}/Target Support Files/Pods-AlamofireExample/Pods-AlamofireExample-frameworks-${CONFIGURATION}-input-files.xcfilelist",
			);
			name = "[CP] Embed Pods Frameworks";
			outputFileListPaths = (
				"${PODS_ROOT}/Target Support Files/Pods-AlamofireExample/Pods-AlamofireExample-frameworks-${CONFIGURATION}-output-files.xcfilelist",
			);
			runOnlyForDeploymentPostprocessing = 0;
			shellPath = /bin/sh;
			shellScript = "\"${PODS_ROOT}/Target Support Files/Pods-AlamofireExample/Pods-AlamofireExample-frameworks.sh\"\n";
			showEnvVarsInLog = 0;
		};
/* End PBXShellScriptBuildPhase section */

/* Begin PBXSourcesBuildPhase section */
		6125DA9D2875C16A00B6CC79 /* Sources */ = {
			isa = PBXSourcesBuildPhase;
			buildActionMask = 2147483647;
			files = (
				6125DAB92875C5DD00B6CC79 /* structs.swift in Sources */,
				61FC20B32876A44400C19BA8 /* PersonCell.swift in Sources */,
				6125DAA92875C16A00B6CC79 /* ViewController.swift in Sources */,
				6125DAA52875C16A00B6CC79 /* AppDelegate.swift in Sources */,
				61FC20B52876AFC100C19BA8 /* DetailController.swift in Sources */,
				6125DAA72875C16A00B6CC79 /* SceneDelegate.swift in Sources */,
			);
			runOnlyForDeploymentPostprocessing = 0;
		};
/* End PBXSourcesBuildPhase section */

/* Begin PBXVariantGroup section */
		6125DAAA2875C16A00B6CC79 /* Main.storyboard */ = {
			isa = PBXVariantGroup;
			children = (
				6125DAAB2875C16A00B6CC79 /* Base */,
			);
			name = Main.storyboard;
			sourceTree = "<group>";
		};
		6125DAAF2875C16B00B6CC79 /* LaunchScreen.storyboard */ = {
			isa = PBXVariantGroup;
			children = (
				6125DAB02875C16B00B6CC79 /* Base */,
			);
			name = LaunchScreen.storyboard;
			sourceTree = "<group>";
		};
/* End PBXVariantGroup section */

/* Begin XCBuildConfiguration section */
		6125DAB32875C16B00B6CC79 /* Debug */ = {
			isa = XCBuildConfiguration;
			buildSettings = {
				ALWAYS_SEARCH_USER_PATHS = NO;
				CLANG_ANALYZER_NONNULL = YES;
				CLANG_ANALYZER_NUMBER_OBJECT_CONVERSION = YES_AGGRESSIVE;
				CLANG_CXX_LANGUAGE_STANDARD = "gnu++17";
				CLANG_ENABLE_MODULES = YES;
				CLANG_ENABLE_OBJC_ARC = YES;
				CLANG_ENABLE_OBJC_WEAK = YES;
				CLANG_WARN_BLOCK_CAPTURE_AUTORELEASING = YES;
				CLANG_WARN_BOOL_CONVERSION = YES;
				CLANG_WARN_COMMA = YES;
				CLANG_WARN_CONSTANT_CONVERSION = YES;
				CLANG_WARN_DEPRECATED_OBJC_IMPLEMENTATIONS = YES;
				CLANG_WARN_DIRECT_OBJC_ISA_USAGE = YES_ERROR;
				CLANG_WARN_DOCUMENTATION_COMMENTS = YES;
				CLANG_WARN_EMPTY_BODY = YES;
				CLANG_WARN_ENUM_CONVERSION = YES;
				CLANG_WARN_INFINITE_RECURSION = YES;
				CLANG_WARN_INT_CONVERSION = YES;
				CLANG_WARN_NON_LITERAL_NULL_CONVERSION = YES;
				CLANG_WARN_OBJC_IMPLICIT_RETAIN_SELF = YES;
				CLANG_WARN_OBJC_LITERAL_CONVERSION = YES;
				CLANG_WARN_OBJC_ROOT_CLASS = YES_ERROR;
				CLANG_WARN_QUOTED_INCLUDE_IN_FRAMEWORK_HEADER = YES;
				CLANG_WARN_RANGE_LOOP_ANALYSIS = YES;
				CLANG_WARN_STRICT_PROTOTYPES = YES;
				CLANG_WARN_SUSPICIOUS_MOVE = YES;
				CLANG_WARN_UNGUARDED_AVAILABILITY = YES_AGGRESSIVE;
				CLANG_WARN_UNREACHABLE_CODE = YES;
				CLANG_WARN__DUPLICATE_METHOD_MATCH = YES;
				COPY_PHASE_STRIP = NO;
				DEBUG_INFORMATION_FORMAT = dwarf;
				ENABLE_STRICT_OBJC_MSGSEND = YES;
				ENABLE_TESTABILITY = YES;
				GCC_C_LANGUAGE_STANDARD = gnu11;
				GCC_DYNAMIC_NO_PIC = NO;
				GCC_NO_COMMON_BLOCKS = YES;
				GCC_OPTIMIZATION_LEVEL = 0;
				GCC_PREPROCESSOR_DEFINITIONS = (
					"DEBUG=1",
					"$(inherited)",
				);
				GCC_WARN_64_TO_32_BIT_CONVERSION = YES;
				GCC_WARN_ABOUT_RETURN_TYPE = YES_ERROR;
				GCC_WARN_UNDECLARED_SELECTOR = YES;
				GCC_WARN_UNINITIALIZED_AUTOS = YES_AGGRESSIVE;
				GCC_WARN_UNUSED_FUNCTION = YES;
				GCC_WARN_UNUSED_VARIABLE = YES;
				IPHONEOS_DEPLOYMENT_TARGET = 15.5;
				MTL_ENABLE_DEBUG_INFO = INCLUDE_SOURCE;
				MTL_FAST_MATH = YES;
				ONLY_ACTIVE_ARCH = YES;
				SDKROOT = iphoneos;
				SWIFT_ACTIVE_COMPILATION_CONDITIONS = DEBUG;
				SWIFT_OPTIMIZATION_LEVEL = "-Onone";
			};
			name = Debug;
		};
		6125DAB42875C16B00B6CC79 /* Release */ = {
			isa = XCBuildConfiguration;
			buildSettings = {
				ALWAYS_SEARCH_USER_PATHS = NO;
				CLANG_ANALYZER_NONNULL = YES;
				CLANG_ANALYZER_NUMBER_OBJECT_CONVERSION = YES_AGGRESSIVE;
				CLANG_CXX_LANGUAGE_STANDARD = "gnu++17";
				CLANG_ENABLE_MODULES = YES;
				CLANG_ENABLE_OBJC_ARC = YES;
				CLANG_ENABLE_OBJC_WEAK = YES;
				CLANG_WARN_BLOCK_CAPTURE_AUTORELEASING = YES;
				CLANG_WARN_BOOL_CONVERSION = YES;
				CLANG_WARN_COMMA = YES;
				CLANG_WARN_CONSTANT_CONVERSION = YES;
				CLANG_WARN_DEPRECATED_OBJC_IMPLEMENTATIONS = YES;
				CLANG_WARN_DIRECT_OBJC_ISA_USAGE = YES_ERROR;
				CLANG_WARN_DOCUMENTATION_COMMENTS = YES;
				CLANG_WARN_EMPTY_BODY = YES;
				CLANG_WARN_ENUM_CONVERSION = YES;
				CLANG_WARN_INFINITE_RECURSION = YES;
				CLANG_WARN_INT_CONVERSION = YES;
				CLANG_WARN_NON_LITERAL_NULL_CONVERSION = YES;
				CLANG_WARN_OBJC_IMPLICIT_RETAIN_SELF = YES;
				CLANG_WARN_OBJC_LITERAL_CONVERSION = YES;
				CLANG_WARN_OBJC_ROOT_CLASS = YES_ERROR;
				CLANG_WARN_QUOTED_INCLUDE_IN_FRAMEWORK_HEADER = YES;
				CLANG_WARN_RANGE_LOOP_ANALYSIS = YES;
				CLANG_WARN_STRICT_PROTOTYPES = YES;
				CLANG_WARN_SUSPICIOUS_MOVE = YES;
				CLANG_WARN_UNGUARDED_AVAILABILITY = YES_AGGRESSIVE;
				CLANG_WARN_UNREACHABLE_CODE = YES;
				CLANG_WARN__DUPLICATE_METHOD_MATCH = YES;
				COPY_PHASE_STRIP = NO;
				DEBUG_INFORMATION_FORMAT = "dwarf-with-dsym";
				ENABLE_NS_ASSERTIONS = NO;
				ENABLE_STRICT_OBJC_MSGSEND = YES;
				GCC_C_LANGUAGE_STANDARD = gnu11;
				GCC_NO_COMMON_BLOCKS = YES;
				GCC_WARN_64_TO_32_BIT_CONVERSION = YES;
				GCC_WARN_ABOUT_RETURN_TYPE = YES_ERROR;
				GCC_WARN_UNDECLARED_SELECTOR = YES;
				GCC_WARN_UNINITIALIZED_AUTOS = YES_AGGRESSIVE;
				GCC_WARN_UNUSED_FUNCTION = YES;
				GCC_WARN_UNUSED_VARIABLE = YES;
				IPHONEOS_DEPLOYMENT_TARGET = 15.5;
				MTL_ENABLE_DEBUG_INFO = NO;
				MTL_FAST_MATH = YES;
				SDKROOT = iphoneos;
				SWIFT_COMPILATION_MODE = wholemodule;
				SWIFT_OPTIMIZATION_LEVEL = "-O";
				VALIDATE_PRODUCT = YES;
			};
			name = Release;
		};
		6125DAB62875C16B00B6CC79 /* Debug */ = {
			isa = XCBuildConfiguration;
			baseConfigurationReference = D23D5ED8B49169801BFF148D /* Pods-AlamofireExample.debug.xcconfig */;
			buildSettings = {
				ASSETCATALOG_COMPILER_APPICON_NAME = AppIcon;
				ASSETCATALOG_COMPILER_GLOBAL_ACCENT_COLOR_NAME = AccentColor;
				CODE_SIGN_STYLE = Automatic;
				CURRENT_PROJECT_VERSION = 1;
				GENERATE_INFOPLIST_FILE = YES;
				INFOPLIST_FILE = AlamofireExample/Info.plist;
				INFOPLIST_KEY_UIApplicationSupportsIndirectInputEvents = YES;
				INFOPLIST_KEY_UILaunchStoryboardName = LaunchScreen;
				INFOPLIST_KEY_UIMainStoryboardFile = Main;
				INFOPLIST_KEY_UISupportedInterfaceOrientations_iPad = "UIInterfaceOrientationPortrait UIInterfaceOrientationPortraitUpsideDown UIInterfaceOrientationLandscapeLeft UIInterfaceOrientationLandscapeRight";
				INFOPLIST_KEY_UISupportedInterfaceOrientations_iPhone = "UIInterfaceOrientationPortrait UIInterfaceOrientationLandscapeLeft UIInterfaceOrientationLandscapeRight";
				LD_RUNPATH_SEARCH_PATHS = (
					"$(inherited)",
					"@executable_path/Frameworks",
				);
				MARKETING_VERSION = 1.0;
				PRODUCT_BUNDLE_IDENTIFIER = "com-MJA.AlamofireExample";
				PRODUCT_NAME = "$(TARGET_NAME)";
				SWIFT_EMIT_LOC_STRINGS = YES;
				SWIFT_VERSION = 5.0;
				TARGETED_DEVICE_FAMILY = "1,2";
			};
			name = Debug;
		};
		6125DAB72875C16B00B6CC79 /* Release */ = {
			isa = XCBuildConfiguration;
			baseConfigurationReference = 20C185121C29192FF68CD47E /* Pods-AlamofireExample.release.xcconfig */;
			buildSettings = {
				ASSETCATALOG_COMPILER_APPICON_NAME = AppIcon;
				ASSETCATALOG_COMPILER_GLOBAL_ACCENT_COLOR_NAME = AccentColor;
				CODE_SIGN_STYLE = Automatic;
				CURRENT_PROJECT_VERSION = 1;
				GENERATE_INFOPLIST_FILE = YES;
				INFOPLIST_FILE = AlamofireExample/Info.plist;
				INFOPLIST_KEY_UIApplicationSupportsIndirectInputEvents = YES;
				INFOPLIST_KEY_UILaunchStoryboardName = LaunchScreen;
				INFOPLIST_KEY_UIMainStoryboardFile = Main;
				INFOPLIST_KEY_UISupportedInterfaceOrientations_iPad = "UIInterfaceOrientationPortrait UIInterfaceOrientationPortraitUpsideDown UIInterfaceOrientationLandscapeLeft UIInterfaceOrientationLandscapeRight";
				INFOPLIST_KEY_UISupportedInterfaceOrientations_iPhone = "UIInterfaceOrientationPortrait UIInterfaceOrientationLandscapeLeft UIInterfaceOrientationLandscapeRight";
				LD_RUNPATH_SEARCH_PATHS = (
					"$(inherited)",
					"@executable_path/Frameworks",
				);
				MARKETING_VERSION = 1.0;
				PRODUCT_BUNDLE_IDENTIFIER = "com-MJA.AlamofireExample";
				PRODUCT_NAME = "$(TARGET_NAME)";
				SWIFT_EMIT_LOC_STRINGS = YES;
				SWIFT_VERSION = 5.0;
				TARGETED_DEVICE_FAMILY = "1,2";
			};
			name = Release;
		};
/* End XCBuildConfiguration section */

/* Begin XCConfigurationList section */
		6125DA9C2875C16A00B6CC79 /* Build configuration list for PBXProject "AlamofireExample" */ = {
			isa = XCConfigurationList;
			buildConfigurations = (
				6125DAB32875C16B00B6CC79 /* Debug */,
				6125DAB42875C16B00B6CC79 /* Release */,
			);
			defaultConfigurationIsVisible = 0;
			defaultConfigurationName = Release;
		};
		6125DAB52875C16B00B6CC79 /* Build configuration list for PBXNativeTarget "AlamofireExample" */ = {
			isa = XCConfigurationList;
			buildConfigurations = (
				6125DAB62875C16B00B6CC79 /* Debug */,
				6125DAB72875C16B00B6CC79 /* Release */,
			);
			defaultConfigurationIsVisible = 0;
			defaultConfigurationName = Release;
		};
/* End XCConfigurationList section */
	};
	rootObject = 6125DA992875C16A00B6CC79 /* Project object */;
}
