// !$*UTF8*$!
{
	archiveVersion = 1;
	classes = {
	};
	objectVersion = 55;
	objects = {

/* Begin PBXBuildFile section */
		611C2083286AE10D00149AB0 /* AppDelegate.swift in Sources */ = {isa = PBXBuildFile; fileRef = 611C2082286AE10D00149AB0 /* AppDelegate.swift */; };
		611C2085286AE10D00149AB0 /* SceneDelegate.swift in Sources */ = {isa = PBXBuildFile; fileRef = 611C2084286AE10D00149AB0 /* SceneDelegate.swift */; };
		611C2087286AE10D00149AB0 /* ViewController.swift in Sources */ = {isa = PBXBuildFile; fileRef = 611C2086286AE10D00149AB0 /* ViewController.swift */; };
		611C208A286AE10D00149AB0 /* Main.storyboard in Resources */ = {isa = PBXBuildFile; fileRef = 611C2088286AE10D00149AB0 /* Main.storyboard */; };
		611C208C286AE10E00149AB0 /* Assets.xcassets in Resources */ = {isa = PBXBuildFile; fileRef = 611C208B286AE10E00149AB0 /* Assets.xcassets */; };
		611C208F286AE10E00149AB0 /* LaunchScreen.storyboard in Resources */ = {isa = PBXBuildFile; fileRef = 611C208D286AE10E00149AB0 /* LaunchScreen.storyboard */; };
		611C2097286AE71100149AB0 /* LottoCell.swift in Sources */ = {isa = PBXBuildFile; fileRef = 611C2096286AE71100149AB0 /* LottoCell.swift */; };
		9B79B54597605E676E959ADD /* Pods_LottoDraw.framework in Frameworks */ = {isa = PBXBuildFile; fileRef = F7C8522B5FFCBAE321938217 /* Pods_LottoDraw.framework */; };
/* End PBXBuildFile section */

/* Begin PBXFileReference section */
		178E85DC8528BEAFE6DCB728 /* Pods-LottoDraw.release.xcconfig */ = {isa = PBXFileReference; includeInIndex = 1; lastKnownFileType = text.xcconfig; name = "Pods-LottoDraw.release.xcconfig"; path = "Target Support Files/Pods-LottoDraw/Pods-LottoDraw.release.xcconfig"; sourceTree = "<group>"; };
		611C207F286AE10D00149AB0 /* LottoDraw.app */ = {isa = PBXFileReference; explicitFileType = wrapper.application; includeInIndex = 0; path = LottoDraw.app; sourceTree = BUILT_PRODUCTS_DIR; };
		611C2082286AE10D00149AB0 /* AppDelegate.swift */ = {isa = PBXFileReference; lastKnownFileType = sourcecode.swift; path = AppDelegate.swift; sourceTree = "<group>"; };
		611C2084286AE10D00149AB0 /* SceneDelegate.swift */ = {isa = PBXFileReference; lastKnownFileType = sourcecode.swift; path = SceneDelegate.swift; sourceTree = "<group>"; };
		611C2086286AE10D00149AB0 /* ViewController.swift */ = {isa = PBXFileReference; lastKnownFileType = sourcecode.swift; path = ViewController.swift; sourceTree = "<group>"; };
		611C2089286AE10D00149AB0 /* Base */ = {isa = PBXFileReference; lastKnownFileType = file.storyboard; name = Base; path = Base.lproj/Main.storyboard; sourceTree = "<group>"; };
		611C208B286AE10E00149AB0 /* Assets.xcassets */ = {isa = PBXFileReference; lastKnownFileType = folder.assetcatalog; path = Assets.xcassets; sourceTree = "<group>"; };
		611C208E286AE10E00149AB0 /* Base */ = {isa = PBXFileReference; lastKnownFileType = file.storyboard; name = Base; path = Base.lproj/LaunchScreen.storyboard; sourceTree = "<group>"; };
		611C2090286AE10E00149AB0 /* Info.plist */ = {isa = PBXFileReference; lastKnownFileType = text.plist.xml; path = Info.plist; sourceTree = "<group>"; };
		611C2096286AE71100149AB0 /* LottoCell.swift */ = {isa = PBXFileReference; lastKnownFileType = sourcecode.swift; path = LottoCell.swift; sourceTree = "<group>"; };
		705895EE3AA0B9645C30F736 /* Pods-LottoDraw.debug.xcconfig */ = {isa = PBXFileReference; includeInIndex = 1; lastKnownFileType = text.xcconfig; name = "Pods-LottoDraw.debug.xcconfig"; path = "Target Support Files/Pods-LottoDraw/Pods-LottoDraw.debug.xcconfig"; sourceTree = "<group>"; };
		F7C8522B5FFCBAE321938217 /* Pods_LottoDraw.framework */ = {isa = PBXFileReference; explicitFileType = wrapper.framework; includeInIndex = 0; path = Pods_LottoDraw.framework; sourceTree = BUILT_PRODUCTS_DIR; };
/* End PBXFileReference section */

/* Begin PBXFrameworksBuildPhase section */
		611C207C286AE10D00149AB0 /* Frameworks */ = {
			isa = PBXFrameworksBuildPhase;
			buildActionMask = 2147483647;
			files = (
				9B79B54597605E676E959ADD /* Pods_LottoDraw.framework in Frameworks */,
			);
			runOnlyForDeploymentPostprocessing = 0;
		};
/* End PBXFrameworksBuildPhase section */

/* Begin PBXGroup section */
		611C2076286AE10D00149AB0 = {
			isa = PBXGroup;
			children = (
				611C2081286AE10D00149AB0 /* LottoDraw */,
				611C2080286AE10D00149AB0 /* Products */,
				E8A9D887C5B8639835724814 /* Pods */,
				9A08787160A3801A9A3F799D /* Frameworks */,
			);
			sourceTree = "<group>";
		};
		611C2080286AE10D00149AB0 /* Products */ = {
			isa = PBXGroup;
			children = (
				611C207F286AE10D00149AB0 /* LottoDraw.app */,
			);
			name = Products;
			sourceTree = "<group>";
		};
		611C2081286AE10D00149AB0 /* LottoDraw */ = {
			isa = PBXGroup;
			children = (
				611C2082286AE10D00149AB0 /* AppDelegate.swift */,
				611C2084286AE10D00149AB0 /* SceneDelegate.swift */,
				611C2086286AE10D00149AB0 /* ViewController.swift */,
				611C2088286AE10D00149AB0 /* Main.storyboard */,
				611C208B286AE10E00149AB0 /* Assets.xcassets */,
				611C208D286AE10E00149AB0 /* LaunchScreen.storyboard */,
				611C2090286AE10E00149AB0 /* Info.plist */,
				611C2096286AE71100149AB0 /* LottoCell.swift */,
			);
			path = LottoDraw;
			sourceTree = "<group>";
		};
		9A08787160A3801A9A3F799D /* Frameworks */ = {
			isa = PBXGroup;
			children = (
				F7C8522B5FFCBAE321938217 /* Pods_LottoDraw.framework */,
			);
			name = Frameworks;
			sourceTree = "<group>";
		};
		E8A9D887C5B8639835724814 /* Pods */ = {
			isa = PBXGroup;
			children = (
				705895EE3AA0B9645C30F736 /* Pods-LottoDraw.debug.xcconfig */,
				178E85DC8528BEAFE6DCB728 /* Pods-LottoDraw.release.xcconfig */,
			);
			path = Pods;
			sourceTree = "<group>";
		};
/* End PBXGroup section */

/* Begin PBXNativeTarget section */
		611C207E286AE10D00149AB0 /* LottoDraw */ = {
			isa = PBXNativeTarget;
			buildConfigurationList = 611C2093286AE10E00149AB0 /* Build configuration list for PBXNativeTarget "LottoDraw" */;
			buildPhases = (
				C6BD1ADFF4408D07F848DAFB /* [CP] Check Pods Manifest.lock */,
				611C207B286AE10D00149AB0 /* Sources */,
				611C207C286AE10D00149AB0 /* Frameworks */,
				611C207D286AE10D00149AB0 /* Resources */,
				67DF67529A36993C103E0C4F /* [CP] Embed Pods Frameworks */,
			);
			buildRules = (
			);
			dependencies = (
			);
			name = LottoDraw;
			productName = LottoDraw;
			productReference = 611C207F286AE10D00149AB0 /* LottoDraw.app */;
			productType = "com.apple.product-type.application";
		};
/* End PBXNativeTarget section */

/* Begin PBXProject section */
		611C2077286AE10D00149AB0 /* Project object */ = {
			isa = PBXProject;
			attributes = {
				BuildIndependentTargetsInParallel = 1;
				LastSwiftUpdateCheck = 1340;
				LastUpgradeCheck = 1340;
				TargetAttributes = {
					611C207E286AE10D00149AB0 = {
						CreatedOnToolsVersion = 13.4.1;
					};
				};
			};
			buildConfigurationList = 611C207A286AE10D00149AB0 /* Build configuration list for PBXProject "LottoDraw" */;
			compatibilityVersion = "Xcode 13.0";
			developmentRegion = en;
			hasScannedForEncodings = 0;
			knownRegions = (
				en,
				Base,
			);
			mainGroup = 611C2076286AE10D00149AB0;
			productRefGroup = 611C2080286AE10D00149AB0 /* Products */;
			projectDirPath = "";
			projectRoot = "";
			targets = (
				611C207E286AE10D00149AB0 /* LottoDraw */,
			);
		};
/* End PBXProject section */

/* Begin PBXResourcesBuildPhase section */
		611C207D286AE10D00149AB0 /* Resources */ = {
			isa = PBXResourcesBuildPhase;
			buildActionMask = 2147483647;
			files = (
				611C208F286AE10E00149AB0 /* LaunchScreen.storyboard in Resources */,
				611C208C286AE10E00149AB0 /* Assets.xcassets in Resources */,
				611C208A286AE10D00149AB0 /* Main.storyboard in Resources */,
			);
			runOnlyForDeploymentPostprocessing = 0;
		};
/* End PBXResourcesBuildPhase section */

/* Begin PBXShellScriptBuildPhase section */
		67DF67529A36993C103E0C4F /* [CP] Embed Pods Frameworks */ = {
			isa = PBXShellScriptBuildPhase;
			buildActionMask = 2147483647;
			files = (
			);
			inputFileListPaths = (
				"${PODS_ROOT}/Target Support Files/Pods-LottoDraw/Pods-LottoDraw-frameworks-${CONFIGURATION}-input-files.xcfilelist",
			);
			name = "[CP] Embed Pods Frameworks";
			outputFileListPaths = (
				"${PODS_ROOT}/Target Support Files/Pods-LottoDraw/Pods-LottoDraw-frameworks-${CONFIGURATION}-output-files.xcfilelist",
			);
			runOnlyForDeploymentPostprocessing = 0;
			shellPath = /bin/sh;
			shellScript = "\"${PODS_ROOT}/Target Support Files/Pods-LottoDraw/Pods-LottoDraw-frameworks.sh\"\n";
			showEnvVarsInLog = 0;
		};
		C6BD1ADFF4408D07F848DAFB /* [CP] Check Pods Manifest.lock */ = {
			isa = PBXShellScriptBuildPhase;
			buildActionMask = 2147483647;
			files = (
			);
			inputFileListPaths = (
			);
			inputPaths = (
				"${PODS_PODFILE_DIR_PATH}/Podfile.lock",
				"${PODS_ROOT}/Manifest.lock",
			);
			name = "[CP] Check Pods Manifest.lock";
			outputFileListPaths = (
			);
			outputPaths = (
				"$(DERIVED_FILE_DIR)/Pods-LottoDraw-checkManifestLockResult.txt",
			);
			runOnlyForDeploymentPostprocessing = 0;
			shellPath = /bin/sh;
			shellScript = "diff \"${PODS_PODFILE_DIR_PATH}/Podfile.lock\" \"${PODS_ROOT}/Manifest.lock\" > /dev/null\nif [ $? != 0 ] ; then\n    # print error to STDERR\n    echo \"error: The sandbox is not in sync with the Podfile.lock. Run 'pod install' or update your CocoaPods installation.\" >&2\n    exit 1\nfi\n# This output is used by Xcode 'outputs' to avoid re-running this script phase.\necho \"SUCCESS\" > \"${SCRIPT_OUTPUT_FILE_0}\"\n";
			showEnvVarsInLog = 0;
		};
/* End PBXShellScriptBuildPhase section */

/* Begin PBXSourcesBuildPhase section */
		611C207B286AE10D00149AB0 /* Sources */ = {
			isa = PBXSourcesBuildPhase;
			buildActionMask = 2147483647;
			files = (
				611C2097286AE71100149AB0 /* LottoCell.swift in Sources */,
				611C2087286AE10D00149AB0 /* ViewController.swift in Sources */,
				611C2083286AE10D00149AB0 /* AppDelegate.swift in Sources */,
				611C2085286AE10D00149AB0 /* SceneDelegate.swift in Sources */,
			);
			runOnlyForDeploymentPostprocessing = 0;
		};
/* End PBXSourcesBuildPhase section */

/* Begin PBXVariantGroup section */
		611C2088286AE10D00149AB0 /* Main.storyboard */ = {
			isa = PBXVariantGroup;
			children = (
				611C2089286AE10D00149AB0 /* Base */,
			);
			name = Main.storyboard;
			sourceTree = "<group>";
		};
		611C208D286AE10E00149AB0 /* LaunchScreen.storyboard */ = {
			isa = PBXVariantGroup;
			children = (
				611C208E286AE10E00149AB0 /* Base */,
			);
			name = LaunchScreen.storyboard;
			sourceTree = "<group>";
		};
/* End PBXVariantGroup section */

/* Begin XCBuildConfiguration section */
		611C2091286AE10E00149AB0 /* Debug */ = {
			isa = XCBuildConfiguration;
			buildSettings = {
				ALWAYS_SEARCH_USER_PATHS = NO;
				CLANG_ANALYZER_NONNULL = YES;
				CLANG_ANALYZER_NUMBER_OBJECT_CONVERSION = YES_AGGRESSIVE;
				CLANG_CXX_LANGUAGE_STANDARD = "gnu++17";
				CLANG_ENABLE_MODULES = YES;
				CLANG_ENABLE_OBJC_ARC = YES;
				CLANG_ENABLE_OBJC_WEAK = YES;
				CLANG_WARN_BLOCK_CAPTURE_AUTORELEASING = YES;
				CLANG_WARN_BOOL_CONVERSION = YES;
				CLANG_WARN_COMMA = YES;
				CLANG_WARN_CONSTANT_CONVERSION = YES;
				CLANG_WARN_DEPRECATED_OBJC_IMPLEMENTATIONS = YES;
				CLANG_WARN_DIRECT_OBJC_ISA_USAGE = YES_ERROR;
				CLANG_WARN_DOCUMENTATION_COMMENTS = YES;
				CLANG_WARN_EMPTY_BODY = YES;
				CLANG_WARN_ENUM_CONVERSION = YES;
				CLANG_WARN_INFINITE_RECURSION = YES;
				CLANG_WARN_INT_CONVERSION = YES;
				CLANG_WARN_NON_LITERAL_NULL_CONVERSION = YES;
				CLANG_WARN_OBJC_IMPLICIT_RETAIN_SELF = YES;
				CLANG_WARN_OBJC_LITERAL_CONVERSION = YES;
				CLANG_WARN_OBJC_ROOT_CLASS = YES_ERROR;
				CLANG_WARN_QUOTED_INCLUDE_IN_FRAMEWORK_HEADER = YES;
				CLANG_WARN_RANGE_LOOP_ANALYSIS = YES;
				CLANG_WARN_STRICT_PROTOTYPES = YES;
				CLANG_WARN_SUSPICIOUS_MOVE = YES;
				CLANG_WARN_UNGUARDED_AVAILABILITY = YES_AGGRESSIVE;
				CLANG_WARN_UNREACHABLE_CODE = YES;
				CLANG_WARN__DUPLICATE_METHOD_MATCH = YES;
				COPY_PHASE_STRIP = NO;
				DEBUG_INFORMATION_FORMAT = dwarf;
				ENABLE_STRICT_OBJC_MSGSEND = YES;
				ENABLE_TESTABILITY = YES;
				GCC_C_LANGUAGE_STANDARD = gnu11;
				GCC_DYNAMIC_NO_PIC = NO;
				GCC_NO_COMMON_BLOCKS = YES;
				GCC_OPTIMIZATION_LEVEL = 0;
				GCC_PREPROCESSOR_DEFINITIONS = (
					"DEBUG=1",
					"$(inherited)",
				);
				GCC_WARN_64_TO_32_BIT_CONVERSION = YES;
				GCC_WARN_ABOUT_RETURN_TYPE = YES_ERROR;
				GCC_WARN_UNDECLARED_SELECTOR = YES;
				GCC_WARN_UNINITIALIZED_AUTOS = YES_AGGRESSIVE;
				GCC_WARN_UNUSED_FUNCTION = YES;
				GCC_WARN_UNUSED_VARIABLE = YES;
				IPHONEOS_DEPLOYMENT_TARGET = 15.5;
				MTL_ENABLE_DEBUG_INFO = INCLUDE_SOURCE;
				MTL_FAST_MATH = YES;
				ONLY_ACTIVE_ARCH = YES;
				SDKROOT = iphoneos;
				SWIFT_ACTIVE_COMPILATION_CONDITIONS = DEBUG;
				SWIFT_OPTIMIZATION_LEVEL = "-Onone";
			};
			name = Debug;
		};
		611C2092286AE10E00149AB0 /* Release */ = {
			isa = XCBuildConfiguration;
			buildSettings = {
				ALWAYS_SEARCH_USER_PATHS = NO;
				CLANG_ANALYZER_NONNULL = YES;
				CLANG_ANALYZER_NUMBER_OBJECT_CONVERSION = YES_AGGRESSIVE;
				CLANG_CXX_LANGUAGE_STANDARD = "gnu++17";
				CLANG_ENABLE_MODULES = YES;
				CLANG_ENABLE_OBJC_ARC = YES;
				CLANG_ENABLE_OBJC_WEAK = YES;
				CLANG_WARN_BLOCK_CAPTURE_AUTORELEASING = YES;
				CLANG_WARN_BOOL_CONVERSION = YES;
				CLANG_WARN_COMMA = YES;
				CLANG_WARN_CONSTANT_CONVERSION = YES;
				CLANG_WARN_DEPRECATED_OBJC_IMPLEMENTATIONS = YES;
				CLANG_WARN_DIRECT_OBJC_ISA_USAGE = YES_ERROR;
				CLANG_WARN_DOCUMENTATION_COMMENTS = YES;
				CLANG_WARN_EMPTY_BODY = YES;
				CLANG_WARN_ENUM_CONVERSION = YES;
				CLANG_WARN_INFINITE_RECURSION = YES;
				CLANG_WARN_INT_CONVERSION = YES;
				CLANG_WARN_NON_LITERAL_NULL_CONVERSION = YES;
				CLANG_WARN_OBJC_IMPLICIT_RETAIN_SELF = YES;
				CLANG_WARN_OBJC_LITERAL_CONVERSION = YES;
				CLANG_WARN_OBJC_ROOT_CLASS = YES_ERROR;
				CLANG_WARN_QUOTED_INCLUDE_IN_FRAMEWORK_HEADER = YES;
				CLANG_WARN_RANGE_LOOP_ANALYSIS = YES;
				CLANG_WARN_STRICT_PROTOTYPES = YES;
				CLANG_WARN_SUSPICIOUS_MOVE = YES;
				CLANG_WARN_UNGUARDED_AVAILABILITY = YES_AGGRESSIVE;
				CLANG_WARN_UNREACHABLE_CODE = YES;
				CLANG_WARN__DUPLICATE_METHOD_MATCH = YES;
				COPY_PHASE_STRIP = NO;
				DEBUG_INFORMATION_FORMAT = "dwarf-with-dsym";
				ENABLE_NS_ASSERTIONS = NO;
				ENABLE_STRICT_OBJC_MSGSEND = YES;
				GCC_C_LANGUAGE_STANDARD = gnu11;
				GCC_NO_COMMON_BLOCKS = YES;
				GCC_WARN_64_TO_32_BIT_CONVERSION = YES;
				GCC_WARN_ABOUT_RETURN_TYPE = YES_ERROR;
				GCC_WARN_UNDECLARED_SELECTOR = YES;
				GCC_WARN_UNINITIALIZED_AUTOS = YES_AGGRESSIVE;
				GCC_WARN_UNUSED_FUNCTION = YES;
				GCC_WARN_UNUSED_VARIABLE = YES;
				IPHONEOS_DEPLOYMENT_TARGET = 15.5;
				MTL_ENABLE_DEBUG_INFO = NO;
				MTL_FAST_MATH = YES;
				SDKROOT = iphoneos;
				SWIFT_COMPILATION_MODE = wholemodule;
				SWIFT_OPTIMIZATION_LEVEL = "-O";
				VALIDATE_PRODUCT = YES;
			};
			name = Release;
		};
		611C2094286AE10E00149AB0 /* Debug */ = {
			isa = XCBuildConfiguration;
			baseConfigurationReference = 705895EE3AA0B9645C30F736 /* Pods-LottoDraw.debug.xcconfig */;
			buildSettings = {
				ASSETCATALOG_COMPILER_APPICON_NAME = AppIcon;
				ASSETCATALOG_COMPILER_GLOBAL_ACCENT_COLOR_NAME = AccentColor;
				CODE_SIGN_STYLE = Automatic;
				CURRENT_PROJECT_VERSION = 1;
				GENERATE_INFOPLIST_FILE = YES;
				INFOPLIST_FILE = LottoDraw/Info.plist;
				INFOPLIST_KEY_UIApplicationSupportsIndirectInputEvents = YES;
				INFOPLIST_KEY_UILaunchStoryboardName = LaunchScreen;
				INFOPLIST_KEY_UIMainStoryboardFile = Main;
				INFOPLIST_KEY_UISupportedInterfaceOrientations_iPad = "UIInterfaceOrientationPortrait UIInterfaceOrientationPortraitUpsideDown UIInterfaceOrientationLandscapeLeft UIInterfaceOrientationLandscapeRight";
				INFOPLIST_KEY_UISupportedInterfaceOrientations_iPhone = "UIInterfaceOrientationPortrait UIInterfaceOrientationLandscapeLeft UIInterfaceOrientationLandscapeRight";
				LD_RUNPATH_SEARCH_PATHS = (
					"$(inherited)",
					"@executable_path/Frameworks",
				);
				MARKETING_VERSION = 1.0;
				PRODUCT_BUNDLE_IDENTIFIER = "com-MJA.LottoDraw";
				PRODUCT_NAME = "$(TARGET_NAME)";
				SWIFT_EMIT_LOC_STRINGS = YES;
				SWIFT_VERSION = 5.0;
				TARGETED_DEVICE_FAMILY = "1,2";
			};
			name = Debug;
		};
		611C2095286AE10E00149AB0 /* Release */ = {
			isa = XCBuildConfiguration;
			baseConfigurationReference = 178E85DC8528BEAFE6DCB728 /* Pods-LottoDraw.release.xcconfig */;
			buildSettings = {
				ASSETCATALOG_COMPILER_APPICON_NAME = AppIcon;
				ASSETCATALOG_COMPILER_GLOBAL_ACCENT_COLOR_NAME = AccentColor;
				CODE_SIGN_STYLE = Automatic;
				CURRENT_PROJECT_VERSION = 1;
				GENERATE_INFOPLIST_FILE = YES;
				INFOPLIST_FILE = LottoDraw/Info.plist;
				INFOPLIST_KEY_UIApplicationSupportsIndirectInputEvents = YES;
				INFOPLIST_KEY_UILaunchStoryboardName = LaunchScreen;
				INFOPLIST_KEY_UIMainStoryboardFile = Main;
				INFOPLIST_KEY_UISupportedInterfaceOrientations_iPad = "UIInterfaceOrientationPortrait UIInterfaceOrientationPortraitUpsideDown UIInterfaceOrientationLandscapeLeft UIInterfaceOrientationLandscapeRight";
				INFOPLIST_KEY_UISupportedInterfaceOrientations_iPhone = "UIInterfaceOrientationPortrait UIInterfaceOrientationLandscapeLeft UIInterfaceOrientationLandscapeRight";
				LD_RUNPATH_SEARCH_PATHS = (
					"$(inherited)",
					"@executable_path/Frameworks",
				);
				MARKETING_VERSION = 1.0;
				PRODUCT_BUNDLE_IDENTIFIER = "com-MJA.LottoDraw";
				PRODUCT_NAME = "$(TARGET_NAME)";
				SWIFT_EMIT_LOC_STRINGS = YES;
				SWIFT_VERSION = 5.0;
				TARGETED_DEVICE_FAMILY = "1,2";
			};
			name = Release;
		};
/* End XCBuildConfiguration section */

/* Begin XCConfigurationList section */
		611C207A286AE10D00149AB0 /* Build configuration list for PBXProject "LottoDraw" */ = {
			isa = XCConfigurationList;
			buildConfigurations = (
				611C2091286AE10E00149AB0 /* Debug */,
				611C2092286AE10E00149AB0 /* Release */,
			);
			defaultConfigurationIsVisible = 0;
			defaultConfigurationName = Release;
		};
		611C2093286AE10E00149AB0 /* Build configuration list for PBXNativeTarget "LottoDraw" */ = {
			isa = XCConfigurationList;
			buildConfigurations = (
				611C2094286AE10E00149AB0 /* Debug */,
				611C2095286AE10E00149AB0 /* Release */,
			);
			defaultConfigurationIsVisible = 0;
			defaultConfigurationName = Release;
		};
/* End XCConfigurationList section */
	};
	rootObject = 611C2077286AE10D00149AB0 /* Project object */;
}
