// !$*UTF8*$!
{
	archiveVersion = 1;
	classes = {
	};
	objectVersion = 55;
	objects = {

/* Begin PBXBuildFile section */
		51EC5B3E2882F5D90095C545 /* AppDelegate.swift in Sources */ = {isa = PBXBuildFile; fileRef = 51EC5B3D2882F5D90095C545 /* AppDelegate.swift */; };
		51EC5B402882F5D90095C545 /* SceneDelegate.swift in Sources */ = {isa = PBXBuildFile; fileRef = 51EC5B3F2882F5D90095C545 /* SceneDelegate.swift */; };
		51EC5B422882F5D90095C545 /* ViewController.swift in Sources */ = {isa = PBXBuildFile; fileRef = 51EC5B412882F5D90095C545 /* ViewController.swift */; };
		51EC5B452882F5D90095C545 /* Main.storyboard in Resources */ = {isa = PBXBuildFile; fileRef = 51EC5B432882F5D90095C545 /* Main.storyboard */; };
		51EC5B472882F5DA0095C545 /* Assets.xcassets in Resources */ = {isa = PBXBuildFile; fileRef = 51EC5B462882F5DA0095C545 /* Assets.xcassets */; };
		51EC5B4A2882F5DA0095C545 /* LaunchScreen.storyboard in Resources */ = {isa = PBXBuildFile; fileRef = 51EC5B482882F5DA0095C545 /* LaunchScreen.storyboard */; };
		51EC5B522882F6120095C545 /* GoogleService-Info.plist in Resources */ = {isa = PBXBuildFile; fileRef = 51EC5B512882F6120095C545 /* GoogleService-Info.plist */; };
		DED3AC5A9824FB9B59A47C48 /* Pods_AuthUIExample.framework in Frameworks */ = {isa = PBXBuildFile; fileRef = F2AB21DF6032FFD900D1D7EE /* Pods_AuthUIExample.framework */; };
/* End PBXBuildFile section */

/* Begin PBXFileReference section */
		3BE921739F06A24D126135FC /* Pods-AuthUIExample.release.xcconfig */ = {isa = PBXFileReference; includeInIndex = 1; lastKnownFileType = text.xcconfig; name = "Pods-AuthUIExample.release.xcconfig"; path = "Target Support Files/Pods-AuthUIExample/Pods-AuthUIExample.release.xcconfig"; sourceTree = "<group>"; };
		51EC5B3A2882F5D90095C545 /* AuthUIExample.app */ = {isa = PBXFileReference; explicitFileType = wrapper.application; includeInIndex = 0; path = AuthUIExample.app; sourceTree = BUILT_PRODUCTS_DIR; };
		51EC5B3D2882F5D90095C545 /* AppDelegate.swift */ = {isa = PBXFileReference; lastKnownFileType = sourcecode.swift; path = AppDelegate.swift; sourceTree = "<group>"; };
		51EC5B3F2882F5D90095C545 /* SceneDelegate.swift */ = {isa = PBXFileReference; lastKnownFileType = sourcecode.swift; path = SceneDelegate.swift; sourceTree = "<group>"; };
		51EC5B412882F5D90095C545 /* ViewController.swift */ = {isa = PBXFileReference; lastKnownFileType = sourcecode.swift; path = ViewController.swift; sourceTree = "<group>"; };
		51EC5B442882F5D90095C545 /* Base */ = {isa = PBXFileReference; lastKnownFileType = file.storyboard; name = Base; path = Base.lproj/Main.storyboard; sourceTree = "<group>"; };
		51EC5B462882F5DA0095C545 /* Assets.xcassets */ = {isa = PBXFileReference; lastKnownFileType = folder.assetcatalog; path = Assets.xcassets; sourceTree = "<group>"; };
		51EC5B492882F5DA0095C545 /* Base */ = {isa = PBXFileReference; lastKnownFileType = file.storyboard; name = Base; path = Base.lproj/LaunchScreen.storyboard; sourceTree = "<group>"; };
		51EC5B4B2882F5DA0095C545 /* Info.plist */ = {isa = PBXFileReference; lastKnownFileType = text.plist.xml; path = Info.plist; sourceTree = "<group>"; };
		51EC5B512882F6120095C545 /* GoogleService-Info.plist */ = {isa = PBXFileReference; fileEncoding = 4; lastKnownFileType = text.plist.xml; path = "GoogleService-Info.plist"; sourceTree = "<group>"; };
		DFFEE7310769B27AAB9E9F44 /* Pods-AuthUIExample.debug.xcconfig */ = {isa = PBXFileReference; includeInIndex = 1; lastKnownFileType = text.xcconfig; name = "Pods-AuthUIExample.debug.xcconfig"; path = "Target Support Files/Pods-AuthUIExample/Pods-AuthUIExample.debug.xcconfig"; sourceTree = "<group>"; };
		F2AB21DF6032FFD900D1D7EE /* Pods_AuthUIExample.framework */ = {isa = PBXFileReference; explicitFileType = wrapper.framework; includeInIndex = 0; path = Pods_AuthUIExample.framework; sourceTree = BUILT_PRODUCTS_DIR; };
/* End PBXFileReference section */

/* Begin PBXFrameworksBuildPhase section */
		51EC5B372882F5D90095C545 /* Frameworks */ = {
			isa = PBXFrameworksBuildPhase;
			buildActionMask = 2147483647;
			files = (
				DED3AC5A9824FB9B59A47C48 /* Pods_AuthUIExample.framework in Frameworks */,
			);
			runOnlyForDeploymentPostprocessing = 0;
		};
/* End PBXFrameworksBuildPhase section */

/* Begin PBXGroup section */
		3B3F0A319A97D636B9C82FB3 /* Frameworks */ = {
			isa = PBXGroup;
			children = (
				F2AB21DF6032FFD900D1D7EE /* Pods_AuthUIExample.framework */,
			);
			name = Frameworks;
			sourceTree = "<group>";
		};
		51EC5B312882F5D90095C545 = {
			isa = PBXGroup;
			children = (
				51EC5B3C2882F5D90095C545 /* AuthUIExample */,
				51EC5B3B2882F5D90095C545 /* Products */,
				68BC8F5F8F1DC0CC4B0ECFB8 /* Pods */,
				3B3F0A319A97D636B9C82FB3 /* Frameworks */,
			);
			sourceTree = "<group>";
		};
		51EC5B3B2882F5D90095C545 /* Products */ = {
			isa = PBXGroup;
			children = (
				51EC5B3A2882F5D90095C545 /* AuthUIExample.app */,
			);
			name = Products;
			sourceTree = "<group>";
		};
		51EC5B3C2882F5D90095C545 /* AuthUIExample */ = {
			isa = PBXGroup;
			children = (
				51EC5B3D2882F5D90095C545 /* AppDelegate.swift */,
				51EC5B3F2882F5D90095C545 /* SceneDelegate.swift */,
				51EC5B412882F5D90095C545 /* ViewController.swift */,
				51EC5B432882F5D90095C545 /* Main.storyboard */,
				51EC5B462882F5DA0095C545 /* Assets.xcassets */,
				51EC5B482882F5DA0095C545 /* LaunchScreen.storyboard */,
				51EC5B4B2882F5DA0095C545 /* Info.plist */,
				51EC5B512882F6120095C545 /* GoogleService-Info.plist */,
			);
			path = AuthUIExample;
			sourceTree = "<group>";
		};
		68BC8F5F8F1DC0CC4B0ECFB8 /* Pods */ = {
			isa = PBXGroup;
			children = (
				DFFEE7310769B27AAB9E9F44 /* Pods-AuthUIExample.debug.xcconfig */,
				3BE921739F06A24D126135FC /* Pods-AuthUIExample.release.xcconfig */,
			);
			path = Pods;
			sourceTree = "<group>";
		};
/* End PBXGroup section */

/* Begin PBXNativeTarget section */
		51EC5B392882F5D90095C545 /* AuthUIExample */ = {
			isa = PBXNativeTarget;
			buildConfigurationList = 51EC5B4E2882F5DA0095C545 /* Build configuration list for PBXNativeTarget "AuthUIExample" */;
			buildPhases = (
				1E836592C66609BA33B89630 /* [CP] Check Pods Manifest.lock */,
				51EC5B362882F5D90095C545 /* Sources */,
				51EC5B372882F5D90095C545 /* Frameworks */,
				51EC5B382882F5D90095C545 /* Resources */,
				57D51C848EBE0671F083FE87 /* [CP] Embed Pods Frameworks */,
				81B2994D88A0B1666CBCFDE8 /* [CP] Copy Pods Resources */,
			);
			buildRules = (
			);
			dependencies = (
			);
			name = AuthUIExample;
			packageProductDependencies = (
			);
			productName = AuthUIExample;
			productReference = 51EC5B3A2882F5D90095C545 /* AuthUIExample.app */;
			productType = "com.apple.product-type.application";
		};
/* End PBXNativeTarget section */

/* Begin PBXProject section */
		51EC5B322882F5D90095C545 /* Project object */ = {
			isa = PBXProject;
			attributes = {
				BuildIndependentTargetsInParallel = 1;
				LastSwiftUpdateCheck = 1340;
				LastUpgradeCheck = 1340;
				TargetAttributes = {
					51EC5B392882F5D90095C545 = {
						CreatedOnToolsVersion = 13.4.1;
					};
				};
			};
			buildConfigurationList = 51EC5B352882F5D90095C545 /* Build configuration list for PBXProject "AuthUIExample" */;
			compatibilityVersion = "Xcode 13.0";
			developmentRegion = en;
			hasScannedForEncodings = 0;
			knownRegions = (
				en,
				Base,
			);
			mainGroup = 51EC5B312882F5D90095C545;
			packageReferences = (
				51EC5B532882F6BB0095C545 /* XCRemoteSwiftPackageReference "firebase-ios-sdk" */,
				5135E5F12883B235003609D3 /* XCRemoteSwiftPackageReference "facebook-ios-sdk" */,
			);
			productRefGroup = 51EC5B3B2882F5D90095C545 /* Products */;
			projectDirPath = "";
			projectRoot = "";
			targets = (
				51EC5B392882F5D90095C545 /* AuthUIExample */,
			);
		};
/* End PBXProject section */

/* Begin PBXResourcesBuildPhase section */
		51EC5B382882F5D90095C545 /* Resources */ = {
			isa = PBXResourcesBuildPhase;
			buildActionMask = 2147483647;
			files = (
				51EC5B4A2882F5DA0095C545 /* LaunchScreen.storyboard in Resources */,
				51EC5B522882F6120095C545 /* GoogleService-Info.plist in Resources */,
				51EC5B472882F5DA0095C545 /* Assets.xcassets in Resources */,
				51EC5B452882F5D90095C545 /* Main.storyboard in Resources */,
			);
			runOnlyForDeploymentPostprocessing = 0;
		};
/* End PBXResourcesBuildPhase section */

/* Begin PBXShellScriptBuildPhase section */
		1E836592C66609BA33B89630 /* [CP] Check Pods Manifest.lock */ = {
			isa = PBXShellScriptBuildPhase;
			buildActionMask = 2147483647;
			files = (
			);
			inputFileListPaths = (
			);
			inputPaths = (
				"${PODS_PODFILE_DIR_PATH}/Podfile.lock",
				"${PODS_ROOT}/Manifest.lock",
			);
			name = "[CP] Check Pods Manifest.lock";
			outputFileListPaths = (
			);
			outputPaths = (
				"$(DERIVED_FILE_DIR)/Pods-AuthUIExample-checkManifestLockResult.txt",
			);
			runOnlyForDeploymentPostprocessing = 0;
			shellPath = /bin/sh;
			shellScript = "diff \"${PODS_PODFILE_DIR_PATH}/Podfile.lock\" \"${PODS_ROOT}/Manifest.lock\" > /dev/null\nif [ $? != 0 ] ; then\n    # print error to STDERR\n    echo \"error: The sandbox is not in sync with the Podfile.lock. Run 'pod install' or update your CocoaPods installation.\" >&2\n    exit 1\nfi\n# This output is used by Xcode 'outputs' to avoid re-running this script phase.\necho \"SUCCESS\" > \"${SCRIPT_OUTPUT_FILE_0}\"\n";
			showEnvVarsInLog = 0;
		};
		57D51C848EBE0671F083FE87 /* [CP] Embed Pods Frameworks */ = {
			isa = PBXShellScriptBuildPhase;
			buildActionMask = 2147483647;
			files = (
			);
			inputFileListPaths = (
				"${PODS_ROOT}/Target Support Files/Pods-AuthUIExample/Pods-AuthUIExample-frameworks-${CONFIGURATION}-input-files.xcfilelist",
			);
			name = "[CP] Embed Pods Frameworks";
			outputFileListPaths = (
				"${PODS_ROOT}/Target Support Files/Pods-AuthUIExample/Pods-AuthUIExample-frameworks-${CONFIGURATION}-output-files.xcfilelist",
			);
			runOnlyForDeploymentPostprocessing = 0;
			shellPath = /bin/sh;
			shellScript = "\"${PODS_ROOT}/Target Support Files/Pods-AuthUIExample/Pods-AuthUIExample-frameworks.sh\"\n";
			showEnvVarsInLog = 0;
		};
		81B2994D88A0B1666CBCFDE8 /* [CP] Copy Pods Resources */ = {
			isa = PBXShellScriptBuildPhase;
			buildActionMask = 2147483647;
			files = (
			);
			inputFileListPaths = (
				"${PODS_ROOT}/Target Support Files/Pods-AuthUIExample/Pods-AuthUIExample-resources-${CONFIGURATION}-input-files.xcfilelist",
			);
			name = "[CP] Copy Pods Resources";
			outputFileListPaths = (
				"${PODS_ROOT}/Target Support Files/Pods-AuthUIExample/Pods-AuthUIExample-resources-${CONFIGURATION}-output-files.xcfilelist",
			);
			runOnlyForDeploymentPostprocessing = 0;
			shellPath = /bin/sh;
			shellScript = "\"${PODS_ROOT}/Target Support Files/Pods-AuthUIExample/Pods-AuthUIExample-resources.sh\"\n";
			showEnvVarsInLog = 0;
		};
/* End PBXShellScriptBuildPhase section */

/* Begin PBXSourcesBuildPhase section */
		51EC5B362882F5D90095C545 /* Sources */ = {
			isa = PBXSourcesBuildPhase;
			buildActionMask = 2147483647;
			files = (
				51EC5B422882F5D90095C545 /* ViewController.swift in Sources */,
				51EC5B3E2882F5D90095C545 /* AppDelegate.swift in Sources */,
				51EC5B402882F5D90095C545 /* SceneDelegate.swift in Sources */,
			);
			runOnlyForDeploymentPostprocessing = 0;
		};
/* End PBXSourcesBuildPhase section */

/* Begin PBXVariantGroup section */
		51EC5B432882F5D90095C545 /* Main.storyboard */ = {
			isa = PBXVariantGroup;
			children = (
				51EC5B442882F5D90095C545 /* Base */,
			);
			name = Main.storyboard;
			sourceTree = "<group>";
		};
		51EC5B482882F5DA0095C545 /* LaunchScreen.storyboard */ = {
			isa = PBXVariantGroup;
			children = (
				51EC5B492882F5DA0095C545 /* Base */,
			);
			name = LaunchScreen.storyboard;
			sourceTree = "<group>";
		};
/* End PBXVariantGroup section */

/* Begin XCBuildConfiguration section */
		51EC5B4C2882F5DA0095C545 /* Debug */ = {
			isa = XCBuildConfiguration;
			buildSettings = {
				ALWAYS_SEARCH_USER_PATHS = NO;
				CLANG_ANALYZER_NONNULL = YES;
				CLANG_ANALYZER_NUMBER_OBJECT_CONVERSION = YES_AGGRESSIVE;
				CLANG_CXX_LANGUAGE_STANDARD = "gnu++17";
				CLANG_ENABLE_MODULES = YES;
				CLANG_ENABLE_OBJC_ARC = YES;
				CLANG_ENABLE_OBJC_WEAK = YES;
				CLANG_WARN_BLOCK_CAPTURE_AUTORELEASING = YES;
				CLANG_WARN_BOOL_CONVERSION = YES;
				CLANG_WARN_COMMA = YES;
				CLANG_WARN_CONSTANT_CONVERSION = YES;
				CLANG_WARN_DEPRECATED_OBJC_IMPLEMENTATIONS = YES;
				CLANG_WARN_DIRECT_OBJC_ISA_USAGE = YES_ERROR;
				CLANG_WARN_DOCUMENTATION_COMMENTS = YES;
				CLANG_WARN_EMPTY_BODY = YES;
				CLANG_WARN_ENUM_CONVERSION = YES;
				CLANG_WARN_INFINITE_RECURSION = YES;
				CLANG_WARN_INT_CONVERSION = YES;
				CLANG_WARN_NON_LITERAL_NULL_CONVERSION = YES;
				CLANG_WARN_OBJC_IMPLICIT_RETAIN_SELF = YES;
				CLANG_WARN_OBJC_LITERAL_CONVERSION = YES;
				CLANG_WARN_OBJC_ROOT_CLASS = YES_ERROR;
				CLANG_WARN_QUOTED_INCLUDE_IN_FRAMEWORK_HEADER = YES;
				CLANG_WARN_RANGE_LOOP_ANALYSIS = YES;
				CLANG_WARN_STRICT_PROTOTYPES = YES;
				CLANG_WARN_SUSPICIOUS_MOVE = YES;
				CLANG_WARN_UNGUARDED_AVAILABILITY = YES_AGGRESSIVE;
				CLANG_WARN_UNREACHABLE_CODE = YES;
				CLANG_WARN__DUPLICATE_METHOD_MATCH = YES;
				COPY_PHASE_STRIP = NO;
				DEBUG_INFORMATION_FORMAT = dwarf;
				ENABLE_STRICT_OBJC_MSGSEND = YES;
				ENABLE_TESTABILITY = YES;
				GCC_C_LANGUAGE_STANDARD = gnu11;
				GCC_DYNAMIC_NO_PIC = NO;
				GCC_NO_COMMON_BLOCKS = YES;
				GCC_OPTIMIZATION_LEVEL = 0;
				GCC_PREPROCESSOR_DEFINITIONS = (
					"DEBUG=1",
					"$(inherited)",
				);
				GCC_WARN_64_TO_32_BIT_CONVERSION = YES;
				GCC_WARN_ABOUT_RETURN_TYPE = YES_ERROR;
				GCC_WARN_UNDECLARED_SELECTOR = YES;
				GCC_WARN_UNINITIALIZED_AUTOS = YES_AGGRESSIVE;
				GCC_WARN_UNUSED_FUNCTION = YES;
				GCC_WARN_UNUSED_VARIABLE = YES;
				IPHONEOS_DEPLOYMENT_TARGET = 15.5;
				MTL_ENABLE_DEBUG_INFO = INCLUDE_SOURCE;
				MTL_FAST_MATH = YES;
				ONLY_ACTIVE_ARCH = YES;
				SDKROOT = iphoneos;
				SWIFT_ACTIVE_COMPILATION_CONDITIONS = DEBUG;
				SWIFT_OPTIMIZATION_LEVEL = "-Onone";
			};
			name = Debug;
		};
		51EC5B4D2882F5DA0095C545 /* Release */ = {
			isa = XCBuildConfiguration;
			buildSettings = {
				ALWAYS_SEARCH_USER_PATHS = NO;
				CLANG_ANALYZER_NONNULL = YES;
				CLANG_ANALYZER_NUMBER_OBJECT_CONVERSION = YES_AGGRESSIVE;
				CLANG_CXX_LANGUAGE_STANDARD = "gnu++17";
				CLANG_ENABLE_MODULES = YES;
				CLANG_ENABLE_OBJC_ARC = YES;
				CLANG_ENABLE_OBJC_WEAK = YES;
				CLANG_WARN_BLOCK_CAPTURE_AUTORELEASING = YES;
				CLANG_WARN_BOOL_CONVERSION = YES;
				CLANG_WARN_COMMA = YES;
				CLANG_WARN_CONSTANT_CONVERSION = YES;
				CLANG_WARN_DEPRECATED_OBJC_IMPLEMENTATIONS = YES;
				CLANG_WARN_DIRECT_OBJC_ISA_USAGE = YES_ERROR;
				CLANG_WARN_DOCUMENTATION_COMMENTS = YES;
				CLANG_WARN_EMPTY_BODY = YES;
				CLANG_WARN_ENUM_CONVERSION = YES;
				CLANG_WARN_INFINITE_RECURSION = YES;
				CLANG_WARN_INT_CONVERSION = YES;
				CLANG_WARN_NON_LITERAL_NULL_CONVERSION = YES;
				CLANG_WARN_OBJC_IMPLICIT_RETAIN_SELF = YES;
				CLANG_WARN_OBJC_LITERAL_CONVERSION = YES;
				CLANG_WARN_OBJC_ROOT_CLASS = YES_ERROR;
				CLANG_WARN_QUOTED_INCLUDE_IN_FRAMEWORK_HEADER = YES;
				CLANG_WARN_RANGE_LOOP_ANALYSIS = YES;
				CLANG_WARN_STRICT_PROTOTYPES = YES;
				CLANG_WARN_SUSPICIOUS_MOVE = YES;
				CLANG_WARN_UNGUARDED_AVAILABILITY = YES_AGGRESSIVE;
				CLANG_WARN_UNREACHABLE_CODE = YES;
				CLANG_WARN__DUPLICATE_METHOD_MATCH = YES;
				COPY_PHASE_STRIP = NO;
				DEBUG_INFORMATION_FORMAT = "dwarf-with-dsym";
				ENABLE_NS_ASSERTIONS = NO;
				ENABLE_STRICT_OBJC_MSGSEND = YES;
				GCC_C_LANGUAGE_STANDARD = gnu11;
				GCC_NO_COMMON_BLOCKS = YES;
				GCC_WARN_64_TO_32_BIT_CONVERSION = YES;
				GCC_WARN_ABOUT_RETURN_TYPE = YES_ERROR;
				GCC_WARN_UNDECLARED_SELECTOR = YES;
				GCC_WARN_UNINITIALIZED_AUTOS = YES_AGGRESSIVE;
				GCC_WARN_UNUSED_FUNCTION = YES;
				GCC_WARN_UNUSED_VARIABLE = YES;
				IPHONEOS_DEPLOYMENT_TARGET = 15.5;
				MTL_ENABLE_DEBUG_INFO = NO;
				MTL_FAST_MATH = YES;
				SDKROOT = iphoneos;
				SWIFT_COMPILATION_MODE = wholemodule;
				SWIFT_OPTIMIZATION_LEVEL = "-O";
				VALIDATE_PRODUCT = YES;
			};
			name = Release;
		};
		51EC5B4F2882F5DA0095C545 /* Debug */ = {
			isa = XCBuildConfiguration;
			baseConfigurationReference = DFFEE7310769B27AAB9E9F44 /* Pods-AuthUIExample.debug.xcconfig */;
			buildSettings = {
				ASSETCATALOG_COMPILER_APPICON_NAME = AppIcon;
				ASSETCATALOG_COMPILER_GLOBAL_ACCENT_COLOR_NAME = AccentColor;
				CODE_SIGN_STYLE = Automatic;
				CURRENT_PROJECT_VERSION = 1;
				GENERATE_INFOPLIST_FILE = YES;
				INFOPLIST_FILE = AuthUIExample/Info.plist;
				INFOPLIST_KEY_UIApplicationSupportsIndirectInputEvents = YES;
				INFOPLIST_KEY_UILaunchStoryboardName = LaunchScreen;
				INFOPLIST_KEY_UIMainStoryboardFile = Main;
				INFOPLIST_KEY_UISupportedInterfaceOrientations_iPad = "UIInterfaceOrientationPortrait UIInterfaceOrientationPortraitUpsideDown UIInterfaceOrientationLandscapeLeft UIInterfaceOrientationLandscapeRight";
				INFOPLIST_KEY_UISupportedInterfaceOrientations_iPhone = "UIInterfaceOrientationPortrait UIInterfaceOrientationLandscapeLeft UIInterfaceOrientationLandscapeRight";
				LD_RUNPATH_SEARCH_PATHS = (
					"$(inherited)",
					"@executable_path/Frameworks",
				);
				MARKETING_VERSION = 1.0;
				PRODUCT_BUNDLE_IDENTIFIER = com.MJA.AuthUIExample;
				PRODUCT_NAME = "$(TARGET_NAME)";
				SWIFT_EMIT_LOC_STRINGS = YES;
				SWIFT_VERSION = 5.0;
				TARGETED_DEVICE_FAMILY = "1,2";
			};
			name = Debug;
		};
		51EC5B502882F5DA0095C545 /* Release */ = {
			isa = XCBuildConfiguration;
			baseConfigurationReference = 3BE921739F06A24D126135FC /* Pods-AuthUIExample.release.xcconfig */;
			buildSettings = {
				ASSETCATALOG_COMPILER_APPICON_NAME = AppIcon;
				ASSETCATALOG_COMPILER_GLOBAL_ACCENT_COLOR_NAME = AccentColor;
				CODE_SIGN_STYLE = Automatic;
				CURRENT_PROJECT_VERSION = 1;
				GENERATE_INFOPLIST_FILE = YES;
				INFOPLIST_FILE = AuthUIExample/Info.plist;
				INFOPLIST_KEY_UIApplicationSupportsIndirectInputEvents = YES;
				INFOPLIST_KEY_UILaunchStoryboardName = LaunchScreen;
				INFOPLIST_KEY_UIMainStoryboardFile = Main;
				INFOPLIST_KEY_UISupportedInterfaceOrientations_iPad = "UIInterfaceOrientationPortrait UIInterfaceOrientationPortraitUpsideDown UIInterfaceOrientationLandscapeLeft UIInterfaceOrientationLandscapeRight";
				INFOPLIST_KEY_UISupportedInterfaceOrientations_iPhone = "UIInterfaceOrientationPortrait UIInterfaceOrientationLandscapeLeft UIInterfaceOrientationLandscapeRight";
				LD_RUNPATH_SEARCH_PATHS = (
					"$(inherited)",
					"@executable_path/Frameworks",
				);
				MARKETING_VERSION = 1.0;
				PRODUCT_BUNDLE_IDENTIFIER = com.MJA.AuthUIExample;
				PRODUCT_NAME = "$(TARGET_NAME)";
				SWIFT_EMIT_LOC_STRINGS = YES;
				SWIFT_VERSION = 5.0;
				TARGETED_DEVICE_FAMILY = "1,2";
			};
			name = Release;
		};
/* End XCBuildConfiguration section */

/* Begin XCConfigurationList section */
		51EC5B352882F5D90095C545 /* Build configuration list for PBXProject "AuthUIExample" */ = {
			isa = XCConfigurationList;
			buildConfigurations = (
				51EC5B4C2882F5DA0095C545 /* Debug */,
				51EC5B4D2882F5DA0095C545 /* Release */,
			);
			defaultConfigurationIsVisible = 0;
			defaultConfigurationName = Release;
		};
		51EC5B4E2882F5DA0095C545 /* Build configuration list for PBXNativeTarget "AuthUIExample" */ = {
			isa = XCConfigurationList;
			buildConfigurations = (
				51EC5B4F2882F5DA0095C545 /* Debug */,
				51EC5B502882F5DA0095C545 /* Release */,
			);
			defaultConfigurationIsVisible = 0;
			defaultConfigurationName = Release;
		};
/* End XCConfigurationList section */

/* Begin XCRemoteSwiftPackageReference section */
		5135E5F12883B235003609D3 /* XCRemoteSwiftPackageReference "facebook-ios-sdk" */ = {
			isa = XCRemoteSwiftPackageReference;
			repositoryURL = "https://github.com/facebook/facebook-ios-sdk";
			requirement = {
				kind = upToNextMajorVersion;
				minimumVersion = 4.0.0;
			};
		};
		51EC5B532882F6BB0095C545 /* XCRemoteSwiftPackageReference "firebase-ios-sdk" */ = {
			isa = XCRemoteSwiftPackageReference;
			repositoryURL = "https://github.com/firebase/firebase-ios-sdk";
			requirement = {
				kind = upToNextMajorVersion;
				minimumVersion = 9.0.0;
			};
		};
/* End XCRemoteSwiftPackageReference section */
	};
	rootObject = 51EC5B322882F5D90095C545 /* Project object */;
}
